// !$*UTF8*$!
{
	archiveVersion = 1;
	classes = {
	};
	objectVersion = 56;
	objects = {

/* Begin PBXBuildFile section */
		2B9C10D7C0B3BA3565084FD9 /* Pods_pennyway_client_iOS.framework in Frameworks */ = {isa = PBXBuildFile; fileRef = F0F9541D34A887D64D713E30 /* Pods_pennyway_client_iOS.framework */; };
		4A058EFF2BD03E01004B6F89 /* AuthResponseDto.swift in Sources */ = {isa = PBXBuildFile; fileRef = 4A058EFE2BD03E01004B6F89 /* AuthResponseDto.swift */; };
		4A058F012BD046C1004B6F89 /* OAuthLoginViewModel.swift in Sources */ = {isa = PBXBuildFile; fileRef = 4A058F002BD046C1004B6F89 /* OAuthLoginViewModel.swift */; };
		4A058F032BD048F8004B6F89 /* CheckDuplicateResponseDto.swift in Sources */ = {isa = PBXBuildFile; fileRef = 4A058F022BD048F8004B6F89 /* CheckDuplicateResponseDto.swift */; };
		4A058F092BD055F9004B6F89 /* ApiRequstHandler.swift in Sources */ = {isa = PBXBuildFile; fileRef = 4A058F082BD055F9004B6F89 /* ApiRequstHandler.swift */; };
		4A0FFBEF2BCDA05B00EFEC56 /* SignUpRequestDto.swift in Sources */ = {isa = PBXBuildFile; fileRef = 4A0FFBEE2BCDA05B00EFEC56 /* SignUpRequestDto.swift */; };
		4A0FFBF32BCDA13500EFEC56 /* VerificationRequestDto.swift in Sources */ = {isa = PBXBuildFile; fileRef = 4A0FFBF22BCDA13500EFEC56 /* VerificationRequestDto.swift */; };
		4A0FFBF52BCDA16B00EFEC56 /* CheckDuplicateRequestDto.swift in Sources */ = {isa = PBXBuildFile; fileRef = 4A0FFBF42BCDA16B00EFEC56 /* CheckDuplicateRequestDto.swift */; };
		4A0FFBF72BCDA18C00EFEC56 /* LoginRequestDto.swift in Sources */ = {isa = PBXBuildFile; fileRef = 4A0FFBF62BCDA18C00EFEC56 /* LoginRequestDto.swift */; };
		4A0FFBF92BCDA1F600EFEC56 /* LinkAccountToOAuthRequestDto.swift in Sources */ = {isa = PBXBuildFile; fileRef = 4A0FFBF82BCDA1F600EFEC56 /* LinkAccountToOAuthRequestDto.swift */; };
		4A0FFBFB2BCDA74000EFEC56 /* EncodableExtension.swift in Sources */ = {isa = PBXBuildFile; fileRef = 4A0FFBFA2BCDA74000EFEC56 /* EncodableExtension.swift */; };
		4A1179802BA86AF400A9CF4C /* CustomInputView.swift in Sources */ = {isa = PBXBuildFile; fileRef = 4A11797F2BA86AF400A9CF4C /* CustomInputView.swift */; };
		4A1179A02BA9533D00A9CF4C /* FontExtensions.swift in Sources */ = {isa = PBXBuildFile; fileRef = 4A11799F2BA9533D00A9CF4C /* FontExtensions.swift */; };
		4A1179AA2BA9572F00A9CF4C /* Pretendard-ExtraBold.otf in Resources */ = {isa = PBXBuildFile; fileRef = 4A1179A12BA9572F00A9CF4C /* Pretendard-ExtraBold.otf */; };
		4A1179AB2BA9572F00A9CF4C /* Pretendard-ExtraLight.otf in Resources */ = {isa = PBXBuildFile; fileRef = 4A1179A22BA9572F00A9CF4C /* Pretendard-ExtraLight.otf */; };
		4A1179AC2BA9572F00A9CF4C /* Pretendard-Thin.otf in Resources */ = {isa = PBXBuildFile; fileRef = 4A1179A32BA9572F00A9CF4C /* Pretendard-Thin.otf */; };
		4A1179AD2BA9572F00A9CF4C /* Pretendard-Regular.otf in Resources */ = {isa = PBXBuildFile; fileRef = 4A1179A42BA9572F00A9CF4C /* Pretendard-Regular.otf */; };
		4A1179AE2BA9572F00A9CF4C /* Pretendard-Black.otf in Resources */ = {isa = PBXBuildFile; fileRef = 4A1179A52BA9572F00A9CF4C /* Pretendard-Black.otf */; };
		4A1179AF2BA9572F00A9CF4C /* Pretendard-SemiBold.otf in Resources */ = {isa = PBXBuildFile; fileRef = 4A1179A62BA9572F00A9CF4C /* Pretendard-SemiBold.otf */; };
		4A1179B02BA9572F00A9CF4C /* Pretendard-Bold.otf in Resources */ = {isa = PBXBuildFile; fileRef = 4A1179A72BA9572F00A9CF4C /* Pretendard-Bold.otf */; };
		4A1179B12BA9572F00A9CF4C /* Pretendard-Medium.otf in Resources */ = {isa = PBXBuildFile; fileRef = 4A1179A82BA9572F00A9CF4C /* Pretendard-Medium.otf */; };
		4A1179B22BA9572F00A9CF4C /* Pretendard-Light.otf in Resources */ = {isa = PBXBuildFile; fileRef = 4A1179A92BA9572F00A9CF4C /* Pretendard-Light.otf */; };
		4A1179B52BA9C20900A9CF4C /* ErrorCodePopUpView.swift in Sources */ = {isa = PBXBuildFile; fileRef = 4A1179B42BA9C20900A9CF4C /* ErrorCodePopUpView.swift */; };
		4A1C59882BC51AAE00EA2B49 /* OAuthAlamofire.swift in Sources */ = {isa = PBXBuildFile; fileRef = 4A1C59872BC51AAE00EA2B49 /* OAuthAlamofire.swift */; };
		4A1C598A2BC51AEB00EA2B49 /* OAuthRouter.swift in Sources */ = {isa = PBXBuildFile; fileRef = 4A1C59892BC51AEB00EA2B49 /* OAuthRouter.swift */; };
		4A47038A2BCEA3B700AEE04E /* OAuthLoginRequestDto.swift in Sources */ = {isa = PBXBuildFile; fileRef = 4A4703892BCEA3B700AEE04E /* OAuthLoginRequestDto.swift */; };
		4A47038C2BCEA43500AEE04E /* OAuthVerificationCodeRequestDto.swift in Sources */ = {isa = PBXBuildFile; fileRef = 4A47038B2BCEA43500AEE04E /* OAuthVerificationCodeRequestDto.swift */; };
		4A47038E2BCEA47600AEE04E /* OAuthVerificationRequestDto.swift in Sources */ = {isa = PBXBuildFile; fileRef = 4A47038D2BCEA47600AEE04E /* OAuthVerificationRequestDto.swift */; };
		4A4703902BCEA4D700AEE04E /* LinkOAuthToAccountRequestDto.swift in Sources */ = {isa = PBXBuildFile; fileRef = 4A47038F2BCEA4D700AEE04E /* LinkOAuthToAccountRequestDto.swift */; };
		4A4703922BCEA55500AEE04E /* OAuthSignUpRequestDto.swift in Sources */ = {isa = PBXBuildFile; fileRef = 4A4703912BCEA55500AEE04E /* OAuthSignUpRequestDto.swift */; };
		4A4703942BCEB21500AEE04E /* StatusError.swift in Sources */ = {isa = PBXBuildFile; fileRef = 4A4703932BCEB21500AEE04E /* StatusError.swift */; };
		4A4703962BCEB2E800AEE04E /* StatusCodeHandler.swift in Sources */ = {isa = PBXBuildFile; fileRef = 4A4703952BCEB2E800AEE04E /* StatusCodeHandler.swift */; };
		4A4703A72BCEDD9800AEE04E /* VerificationCodeRequestDto.swift in Sources */ = {isa = PBXBuildFile; fileRef = 4A4703A62BCEDD9800AEE04E /* VerificationCodeRequestDto.swift */; };
		4A4703A92BCEE25000AEE04E /* SmsResponseDto.swift in Sources */ = {isa = PBXBuildFile; fileRef = 4A4703A82BCEE25000AEE04E /* SmsResponseDto.swift */; };
		4A4703AB2BCEE52300AEE04E /* VerificationResponseDto.swift in Sources */ = {isa = PBXBuildFile; fileRef = 4A4703AA2BCEE52300AEE04E /* VerificationResponseDto.swift */; };
		4A4703AE2BCEE5AF00AEE04E /* OAuthVerificationResponseDto.swift in Sources */ = {isa = PBXBuildFile; fileRef = 4A4703AD2BCEE5AF00AEE04E /* OAuthVerificationResponseDto.swift */; };
		4A4703B02BCF897300AEE04E /* ErrorResponseDto.swift in Sources */ = {isa = PBXBuildFile; fileRef = 4A4703AF2BCF897300AEE04E /* ErrorResponseDto.swift */; };
		4A4A56722BACA2250071D00E /* PhoneVerificationView.swift in Sources */ = {isa = PBXBuildFile; fileRef = 4A4A56712BACA2250071D00E /* PhoneVerificationView.swift */; };
		4A4A56742BACA4000071D00E /* NavigationCountView.swift in Sources */ = {isa = PBXBuildFile; fileRef = 4A4A56732BACA4000071D00E /* NavigationCountView.swift */; };
		4A4A56782BACADBF0071D00E /* TermsAndConditionsView.swift in Sources */ = {isa = PBXBuildFile; fileRef = 4A4A56772BACADBF0071D00E /* TermsAndConditionsView.swift */; };
		4A4A567A2BADEFF90071D00E /* NavigationBackButton.swift in Sources */ = {isa = PBXBuildFile; fileRef = 4A4A56792BADEFF90071D00E /* NavigationBackButton.swift */; };
		4A4D884D2BD81A62009EADB0 /* KeychainHelper.swift in Sources */ = {isa = PBXBuildFile; fileRef = 4A4D884C2BD81A62009EADB0 /* KeychainHelper.swift */; };
		4A4D884F2BD81F82009EADB0 /* CryptoHelper.swift in Sources */ = {isa = PBXBuildFile; fileRef = 4A4D884E2BD81F82009EADB0 /* CryptoHelper.swift */; };
		4A5050332BC3DA7700EE5666 /* PhoneNumberFormatter.swift in Sources */ = {isa = PBXBuildFile; fileRef = 4A5050322BC3DA7700EE5666 /* PhoneNumberFormatter.swift */; };
		4A51D2AC2BB1855A0080083D /* CustomBottomButton.swift in Sources */ = {isa = PBXBuildFile; fileRef = 4A51D2AB2BB1855A0080083D /* CustomBottomButton.swift */; };
		4A51D2AE2BB18EBC0080083D /* SignUpNavigationViewModel.swift in Sources */ = {isa = PBXBuildFile; fileRef = 4A51D2AD2BB18EBC0080083D /* SignUpNavigationViewModel.swift */; };
		4A57896F2BDBF01500AFEB26 /* BadRequestErrorCode.swift in Sources */ = {isa = PBXBuildFile; fileRef = 4A57896E2BDBF01500AFEB26 /* BadRequestErrorCode.swift */; };
		4A5789712BDC1ADC00AFEB26 /* UnauthorizedErrorCode.swift in Sources */ = {isa = PBXBuildFile; fileRef = 4A5789702BDC1ADC00AFEB26 /* UnauthorizedErrorCode.swift */; };
		4A5789732BDC1C0B00AFEB26 /* ForbiddenErrorCode.swift in Sources */ = {isa = PBXBuildFile; fileRef = 4A5789722BDC1C0B00AFEB26 /* ForbiddenErrorCode.swift */; };
		4A5789752BDC1CBF00AFEB26 /* NotFoundErrorCode.swift in Sources */ = {isa = PBXBuildFile; fileRef = 4A5789742BDC1CBF00AFEB26 /* NotFoundErrorCode.swift */; };
		4A5789772BDC1D5500AFEB26 /* MethodNotAllowedErrorCode.swift in Sources */ = {isa = PBXBuildFile; fileRef = 4A5789762BDC1D5500AFEB26 /* MethodNotAllowedErrorCode.swift */; };
		4A5789792BDC1DDE00AFEB26 /* NotAcceptableErrorCode.swift in Sources */ = {isa = PBXBuildFile; fileRef = 4A5789782BDC1DDE00AFEB26 /* NotAcceptableErrorCode.swift */; };
		4A57897B2BDC1E5A00AFEB26 /* ConflictErrorCode.swift in Sources */ = {isa = PBXBuildFile; fileRef = 4A57897A2BDC1E5A00AFEB26 /* ConflictErrorCode.swift */; };
		4A57897D2BDC1EDF00AFEB26 /* PreconditionFailedErrorCode.swift in Sources */ = {isa = PBXBuildFile; fileRef = 4A57897C2BDC1EDF00AFEB26 /* PreconditionFailedErrorCode.swift */; };
		4A57897F2BDC1F4E00AFEB26 /* UnprocessableContentErrorCode.swift in Sources */ = {isa = PBXBuildFile; fileRef = 4A57897E2BDC1F4E00AFEB26 /* UnprocessableContentErrorCode.swift */; };
		4A5789812BDC1FF300AFEB26 /* InternalServerErrorCode.swift in Sources */ = {isa = PBXBuildFile; fileRef = 4A5789802BDC1FF300AFEB26 /* InternalServerErrorCode.swift */; };
		4A5789852BDC269000AFEB26 /* StatusSpecificError.swift in Sources */ = {isa = PBXBuildFile; fileRef = 4A5789842BDC269000AFEB26 /* StatusSpecificError.swift */; };
		4A5789872BDC277100AFEB26 /* BadRequestError.swift in Sources */ = {isa = PBXBuildFile; fileRef = 4A5789862BDC277100AFEB26 /* BadRequestError.swift */; };
		4A57898B2BDC28F100AFEB26 /* UnauthorizedError.swift in Sources */ = {isa = PBXBuildFile; fileRef = 4A57898A2BDC28F100AFEB26 /* UnauthorizedError.swift */; };
		4A57898D2BDC291900AFEB26 /* ForbiddenError.swift in Sources */ = {isa = PBXBuildFile; fileRef = 4A57898C2BDC291900AFEB26 /* ForbiddenError.swift */; };
		4A57898F2BDC298500AFEB26 /* NotFoundError.swift in Sources */ = {isa = PBXBuildFile; fileRef = 4A57898E2BDC298500AFEB26 /* NotFoundError.swift */; };
		4A5789912BDC29A100AFEB26 /* MethodNotAllowedError.swift in Sources */ = {isa = PBXBuildFile; fileRef = 4A5789902BDC29A100AFEB26 /* MethodNotAllowedError.swift */; };
		4A5789932BDC29CA00AFEB26 /* NotAcceptableError.swift in Sources */ = {isa = PBXBuildFile; fileRef = 4A5789922BDC29CA00AFEB26 /* NotAcceptableError.swift */; };
		4A5789952BDC29E700AFEB26 /* ConflictError.swift in Sources */ = {isa = PBXBuildFile; fileRef = 4A5789942BDC29E700AFEB26 /* ConflictError.swift */; };
		4A5789972BDC29FD00AFEB26 /* PreconditionFailedError.swift in Sources */ = {isa = PBXBuildFile; fileRef = 4A5789962BDC29FC00AFEB26 /* PreconditionFailedError.swift */; };
		4A5789992BDC2A1100AFEB26 /* UnprocessableContentError.swift in Sources */ = {isa = PBXBuildFile; fileRef = 4A5789982BDC2A1100AFEB26 /* UnprocessableContentError.swift */; };
		4A57899B2BDC2A2500AFEB26 /* InternalServerError.swift in Sources */ = {isa = PBXBuildFile; fileRef = 4A57899A2BDC2A2500AFEB26 /* InternalServerError.swift */; };
		4A69C1542BE69A9700A27B82 /* GoogleService-Info.plist in Resources */ = {isa = PBXBuildFile; fileRef = 4A69C1532BE69A9700A27B82 /* GoogleService-Info.plist */; };
		4A69C1562BE69DEA00A27B82 /* Log.swift in Sources */ = {isa = PBXBuildFile; fileRef = 4A69C1552BE69DEA00A27B82 /* Log.swift */; };
		4A6ACA372BD3D09E00D0789F /* Secrets.xcconfig in Resources */ = {isa = PBXBuildFile; fileRef = 4A6ACA362BD3D09E00D0789F /* Secrets.xcconfig */; };
		4A6E62D62BA5F7FC00111246 /* PhoneVerificationContentView.swift in Sources */ = {isa = PBXBuildFile; fileRef = 4A6E62D52BA5F7FC00111246 /* PhoneVerificationContentView.swift */; };
		4A6E62D82BA6082100111246 /* SignUpView.swift in Sources */ = {isa = PBXBuildFile; fileRef = 4A6E62D72BA6082100111246 /* SignUpView.swift */; };
		4A762AED2B99A16B001C1188 /* pennyway_client_iOSApp.swift in Sources */ = {isa = PBXBuildFile; fileRef = 4A762AEC2B99A16B001C1188 /* pennyway_client_iOSApp.swift */; };
		4A762AEF2B99A16B001C1188 /* LoginView.swift in Sources */ = {isa = PBXBuildFile; fileRef = 4A762AEE2B99A16B001C1188 /* LoginView.swift */; };
		4A762AF12B99A16D001C1188 /* Assets.xcassets in Resources */ = {isa = PBXBuildFile; fileRef = 4A762AF02B99A16D001C1188 /* Assets.xcassets */; };
		4A762AF42B99A16D001C1188 /* Preview Assets.xcassets in Resources */ = {isa = PBXBuildFile; fileRef = 4A762AF32B99A16D001C1188 /* Preview Assets.xcassets */; };
		4A762B012B99A239001C1188 /* SplashView.swift in Sources */ = {isa = PBXBuildFile; fileRef = 4A762B002B99A239001C1188 /* SplashView.swift */; };
		4A762B052B99A259001C1188 /* PhoneVerificationViewModel.swift in Sources */ = {isa = PBXBuildFile; fileRef = 4A762B042B99A259001C1188 /* PhoneVerificationViewModel.swift */; };
		4A762B072B99A262001C1188 /* TokenHandler.swift in Sources */ = {isa = PBXBuildFile; fileRef = 4A762B062B99A262001C1188 /* TokenHandler.swift */; };
		4A762B092B99A26C001C1188 /* TextExtensions.swift in Sources */ = {isa = PBXBuildFile; fileRef = 4A762B082B99A26C001C1188 /* TextExtensions.swift */; };
		4A762B0B2B99A27A001C1188 /* NavigationAvailable.swift in Sources */ = {isa = PBXBuildFile; fileRef = 4A762B0A2B99A27A001C1188 /* NavigationAvailable.swift */; };
		4A8571342BC650FA0082CE47 /* BaseUrl.swift in Sources */ = {isa = PBXBuildFile; fileRef = 4A8571322BC650FA0082CE47 /* BaseUrl.swift */; };
		4A85713A2BC6FFD30082CE47 /* NumberInputSectionView.swift in Sources */ = {isa = PBXBuildFile; fileRef = 4A8571392BC6FFD30082CE47 /* NumberInputSectionView.swift */; };
		4A8571422BC70E570082CE47 /* OAuthAccountLinkingViewModel.swift in Sources */ = {isa = PBXBuildFile; fileRef = 4A8571412BC70E570082CE47 /* OAuthAccountLinkingViewModel.swift */; };
		4A8571442BC7C5EB0082CE47 /* OAuthSignUpViewModel.swift in Sources */ = {isa = PBXBuildFile; fileRef = 4A8571432BC7C5EB0082CE47 /* OAuthSignUpViewModel.swift */; };
		4AB5AB472BB4A32F00D2C9EA /* AuthAlamofire.swift in Sources */ = {isa = PBXBuildFile; fileRef = 4AB5AB462BB4A32F00D2C9EA /* AuthAlamofire.swift */; };
		4AB5AB4A2BB4A37600D2C9EA /* AuthRouter.swift in Sources */ = {isa = PBXBuildFile; fileRef = 4AB5AB492BB4A37600D2C9EA /* AuthRouter.swift */; };
		4AB5AB4E2BB4A60500D2C9EA /* URLRequestExtension.swift in Sources */ = {isa = PBXBuildFile; fileRef = 4AB5AB4D2BB4A60500D2C9EA /* URLRequestExtension.swift */; };
		4AB5AB502BB4A8CB00D2C9EA /* ApiStatusLogger.swift in Sources */ = {isa = PBXBuildFile; fileRef = 4AB5AB4F2BB4A8CB00D2C9EA /* ApiStatusLogger.swift */; };
		4AB5AB522BB4A93500D2C9EA /* RequestLogger.swift in Sources */ = {isa = PBXBuildFile; fileRef = 4AB5AB512BB4A93500D2C9EA /* RequestLogger.swift */; };
		4AB5AB552BB4AAF200D2C9EA /* BaseInterceptor.swift in Sources */ = {isa = PBXBuildFile; fileRef = 4AB5AB542BB4AAF200D2C9EA /* BaseInterceptor.swift */; };
		4AB5AB572BB5E88C00D2C9EA /* RegistrationManager.swift in Sources */ = {isa = PBXBuildFile; fileRef = 4AB5AB562BB5E88C00D2C9EA /* RegistrationManager.swift */; };
		4AB5AB592BB5E93900D2C9EA /* SignUpFormView.swift in Sources */ = {isa = PBXBuildFile; fileRef = 4AB5AB582BB5E93900D2C9EA /* SignUpFormView.swift */; };
		4AB5AB5B2BB5E9BD00D2C9EA /* SignUpFormViewModel.swift in Sources */ = {isa = PBXBuildFile; fileRef = 4AB5AB5A2BB5E9BC00D2C9EA /* SignUpFormViewModel.swift */; };
		4AB5AB612BB5ED3300D2C9EA /* TermsAndConditionsViewModel.swift in Sources */ = {isa = PBXBuildFile; fileRef = 4AB5AB602BB5ED3300D2C9EA /* TermsAndConditionsViewModel.swift */; };
		4AC4FD082BBDCC190027ACD5 /* KakaoOAuthViewModel.swift in Sources */ = {isa = PBXBuildFile; fileRef = 4AC4FD072BBDCC190027ACD5 /* KakaoOAuthViewModel.swift */; };
		4AC4FD0A2BBDCE080027ACD5 /* GoogleOAuthViewModel.swift in Sources */ = {isa = PBXBuildFile; fileRef = 4AC4FD092BBDCE080027ACD5 /* GoogleOAuthViewModel.swift */; };
		4AC4FD0C2BBE8AFC0027ACD5 /* AppleOAtuthViewModel.swift in Sources */ = {isa = PBXBuildFile; fileRef = 4AC4FD0B2BBE8AFC0027ACD5 /* AppleOAtuthViewModel.swift */; };
		4AC9488E2BC1AD8F008DBC1F /* OAuthRegistrationManager.swift in Sources */ = {isa = PBXBuildFile; fileRef = 4AC9488D2BC1AD8F008DBC1F /* OAuthRegistrationManager.swift */; };
		4AC948902BC1C563008DBC1F /* OAuthAccountLinkingView.swift in Sources */ = {isa = PBXBuildFile; fileRef = 4AC9488F2BC1C563008DBC1F /* OAuthAccountLinkingView.swift */; };
		4ACE1FED2BBB149D00BB4F0A /* (null) in Sources */ = {isa = PBXBuildFile; };
		4ACE1FEF2BBB1D9600BB4F0A /* TermsAndConditionsContentView.swift in Sources */ = {isa = PBXBuildFile; fileRef = 4ACE1FEE2BBB1D9600BB4F0A /* TermsAndConditionsContentView.swift */; };
		4AD70E1B2BE0109D0058A52A /* WelcomeView.swift in Sources */ = {isa = PBXBuildFile; fileRef = 4AD70E1A2BE0109D0058A52A /* WelcomeView.swift */; };
		4AD70E222BE013C10058A52A /* ProfileMainView.swift in Sources */ = {isa = PBXBuildFile; fileRef = 4AD70E212BE013C10058A52A /* ProfileMainView.swift */; };
		4AD70E252BE0153F0058A52A /* ProfileUserInfoView.swift in Sources */ = {isa = PBXBuildFile; fileRef = 4AD70E242BE0153F0058A52A /* ProfileUserInfoView.swift */; };
		4AD70E272BE015500058A52A /* ProfileOAuthButtonView.swift in Sources */ = {isa = PBXBuildFile; fileRef = 4AD70E262BE015500058A52A /* ProfileOAuthButtonView.swift */; };
		4AD70E292BE015970058A52A /* ProfileSettingListView.swift in Sources */ = {isa = PBXBuildFile; fileRef = 4AD70E282BE015970058A52A /* ProfileSettingListView.swift */; };
		4AD70E2B2BE0A8D30058A52A /* MainTabView.swift in Sources */ = {isa = PBXBuildFile; fileRef = 4AD70E2A2BE0A8D30058A52A /* MainTabView.swift */; };
		4AE1A61A2BD2D57600E7687B /* DynamicSizeFactor.swift in Sources */ = {isa = PBXBuildFile; fileRef = 4AE1A6192BD2D57600E7687B /* DynamicSizeFactor.swift */; };
		D80E6A0F2BB2A7F5009F2DFE /* AgreementSectionView.swift in Sources */ = {isa = PBXBuildFile; fileRef = D80E6A0E2BB2A7F5009F2DFE /* AgreementSectionView.swift */; };
		D80E6A152BB2E0C4009F2DFE /* (null) in Sources */ = {isa = PBXBuildFile; };
		D8157E642BBEF2040083844B /* InputFormView.swift in Sources */ = {isa = PBXBuildFile; fileRef = D8157E632BBEF2040083844B /* InputFormView.swift */; };
		D8157E662BBEF2740083844B /* OauthButtonView.swift in Sources */ = {isa = PBXBuildFile; fileRef = D8157E652BBEF2740083844B /* OauthButtonView.swift */; };
		D8157E682BBEF4400083844B /* AdditionalOptionView.swift in Sources */ = {isa = PBXBuildFile; fileRef = D8157E672BBEF4400083844B /* AdditionalOptionView.swift */; };
		D8157E722BC19E5A0083844B /* PhoneNumberInputSectionView.swift in Sources */ = {isa = PBXBuildFile; fileRef = D8157E712BC19E590083844B /* PhoneNumberInputSectionView.swift */; };
		D8180C002BE507E100F837FB /* FindIdView.swift in Sources */ = {isa = PBXBuildFile; fileRef = D8180BFF2BE507E100F837FB /* FindIdView.swift */; };
		D8180C022BE507FD00F837FB /* FindIdFormView.swift in Sources */ = {isa = PBXBuildFile; fileRef = D8180C012BE507FD00F837FB /* FindIdFormView.swift */; };
		D8180C042BE5081F00F837FB /* FindIdContentView.swift in Sources */ = {isa = PBXBuildFile; fileRef = D8180C032BE5081F00F837FB /* FindIdContentView.swift */; };
		D8180C062BE5083500F837FB /* FindIdPhoneVerificationView.swift in Sources */ = {isa = PBXBuildFile; fileRef = D8180C052BE5083500F837FB /* FindIdPhoneVerificationView.swift */; };
		D83D4CD52BE3E7890011D235 /* LogoutPopUpView.swift in Sources */ = {isa = PBXBuildFile; fileRef = D83D4CD42BE3E7890011D235 /* LogoutPopUpView.swift */; };
		D87CB0D02BC5A47800BD882A /* FindPwView.swift in Sources */ = {isa = PBXBuildFile; fileRef = D87CB0CF2BC5A47800BD882A /* FindPwView.swift */; };
		D87CB0D22BC5A4BC00BD882A /* ResetPwView.swift in Sources */ = {isa = PBXBuildFile; fileRef = D87CB0D12BC5A4BC00BD882A /* ResetPwView.swift */; };
		D87CB0D42BC5A57D00BD882A /* CompleteChangePwView.swift in Sources */ = {isa = PBXBuildFile; fileRef = D87CB0D32BC5A57C00BD882A /* CompleteChangePwView.swift */; };
		D87CB0D62BC5B56600BD882A /* ResetPwFormView.swift in Sources */ = {isa = PBXBuildFile; fileRef = D87CB0D52BC5B56600BD882A /* ResetPwFormView.swift */; };
		D8880E192BCEBEE700922894 /* DynamicFontSize.swift in Sources */ = {isa = PBXBuildFile; fileRef = D8880E182BCEBEE700922894 /* DynamicFontSize.swift */; };
		D8880E202BCEED9B00922894 /* NavigationUtil.swift in Sources */ = {isa = PBXBuildFile; fileRef = D8880E1F2BCEED9B00922894 /* NavigationUtil.swift */; };
		D8880E242BD17FD000922894 /* TapGestureRecognizer.swift in Sources */ = {isa = PBXBuildFile; fileRef = D8880E232BD17FD000922894 /* TapGestureRecognizer.swift */; };
		D88832982BBC60EC00F49B27 /* TextAutocapitalization.swift in Sources */ = {isa = PBXBuildFile; fileRef = D88832972BBC60EC00F49B27 /* TextAutocapitalization.swift */; };
		D888329A2BBC610300F49B27 /* AutoCorrectionExtensions.swift in Sources */ = {isa = PBXBuildFile; fileRef = D88832992BBC610300F49B27 /* AutoCorrectionExtensions.swift */; };
		D888329C2BBC612600F49B27 /* LoginFormView.swift in Sources */ = {isa = PBXBuildFile; fileRef = D888329B2BBC612600F49B27 /* LoginFormView.swift */; };
		D888329E2BBC613E00F49B27 /* LoginFormViewModel.swift in Sources */ = {isa = PBXBuildFile; fileRef = D888329D2BBC613E00F49B27 /* LoginFormViewModel.swift */; };
		D88832A02BBC615100F49B27 /* ErrorCodeContentView.swift in Sources */ = {isa = PBXBuildFile; fileRef = D888329F2BBC615100F49B27 /* ErrorCodeContentView.swift */; };
		D89FB7822BD97A2F0019DE3C /* FindUserNameDtoResponseDto.swift in Sources */ = {isa = PBXBuildFile; fileRef = D89FB7812BD97A2F0019DE3C /* FindUserNameDtoResponseDto.swift */; };
		D89FB7842BD97B660019DE3C /* FindUserNameRequestDto.swift in Sources */ = {isa = PBXBuildFile; fileRef = D89FB7832BD97B660019DE3C /* FindUserNameRequestDto.swift */; };
		D89FB7892BDA925F0019DE3C /* FindUserNameViewModel.swift in Sources */ = {isa = PBXBuildFile; fileRef = D89FB7882BDA925F0019DE3C /* FindUserNameViewModel.swift */; };
/* End PBXBuildFile section */

/* Begin PBXFileReference section */
		01648F6A2404D638E6615EDB /* Pods-pennyway-client-iOS.debug.xcconfig */ = {isa = PBXFileReference; includeInIndex = 1; lastKnownFileType = text.xcconfig; name = "Pods-pennyway-client-iOS.debug.xcconfig"; path = "Target Support Files/Pods-pennyway-client-iOS/Pods-pennyway-client-iOS.debug.xcconfig"; sourceTree = "<group>"; };
		4A058EFE2BD03E01004B6F89 /* AuthResponseDto.swift */ = {isa = PBXFileReference; lastKnownFileType = sourcecode.swift; path = AuthResponseDto.swift; sourceTree = "<group>"; };
		4A058F002BD046C1004B6F89 /* OAuthLoginViewModel.swift */ = {isa = PBXFileReference; lastKnownFileType = sourcecode.swift; path = OAuthLoginViewModel.swift; sourceTree = "<group>"; };
		4A058F022BD048F8004B6F89 /* CheckDuplicateResponseDto.swift */ = {isa = PBXFileReference; lastKnownFileType = sourcecode.swift; path = CheckDuplicateResponseDto.swift; sourceTree = "<group>"; };
		4A058F082BD055F9004B6F89 /* ApiRequstHandler.swift */ = {isa = PBXFileReference; lastKnownFileType = sourcecode.swift; path = ApiRequstHandler.swift; sourceTree = "<group>"; };
		4A0FFBEE2BCDA05B00EFEC56 /* SignUpRequestDto.swift */ = {isa = PBXFileReference; lastKnownFileType = sourcecode.swift; path = SignUpRequestDto.swift; sourceTree = "<group>"; };
		4A0FFBF22BCDA13500EFEC56 /* VerificationRequestDto.swift */ = {isa = PBXFileReference; lastKnownFileType = sourcecode.swift; path = VerificationRequestDto.swift; sourceTree = "<group>"; };
		4A0FFBF42BCDA16B00EFEC56 /* CheckDuplicateRequestDto.swift */ = {isa = PBXFileReference; lastKnownFileType = sourcecode.swift; path = CheckDuplicateRequestDto.swift; sourceTree = "<group>"; };
		4A0FFBF62BCDA18C00EFEC56 /* LoginRequestDto.swift */ = {isa = PBXFileReference; lastKnownFileType = sourcecode.swift; path = LoginRequestDto.swift; sourceTree = "<group>"; };
		4A0FFBF82BCDA1F600EFEC56 /* LinkAccountToOAuthRequestDto.swift */ = {isa = PBXFileReference; lastKnownFileType = sourcecode.swift; path = LinkAccountToOAuthRequestDto.swift; sourceTree = "<group>"; };
		4A0FFBFA2BCDA74000EFEC56 /* EncodableExtension.swift */ = {isa = PBXFileReference; lastKnownFileType = sourcecode.swift; path = EncodableExtension.swift; sourceTree = "<group>"; };
		4A11797F2BA86AF400A9CF4C /* CustomInputView.swift */ = {isa = PBXFileReference; lastKnownFileType = sourcecode.swift; path = CustomInputView.swift; sourceTree = "<group>"; };
		4A11799F2BA9533D00A9CF4C /* FontExtensions.swift */ = {isa = PBXFileReference; lastKnownFileType = sourcecode.swift; path = FontExtensions.swift; sourceTree = "<group>"; };
		4A1179A12BA9572F00A9CF4C /* Pretendard-ExtraBold.otf */ = {isa = PBXFileReference; lastKnownFileType = file; path = "Pretendard-ExtraBold.otf"; sourceTree = "<group>"; };
		4A1179A22BA9572F00A9CF4C /* Pretendard-ExtraLight.otf */ = {isa = PBXFileReference; lastKnownFileType = file; path = "Pretendard-ExtraLight.otf"; sourceTree = "<group>"; };
		4A1179A32BA9572F00A9CF4C /* Pretendard-Thin.otf */ = {isa = PBXFileReference; lastKnownFileType = file; path = "Pretendard-Thin.otf"; sourceTree = "<group>"; };
		4A1179A42BA9572F00A9CF4C /* Pretendard-Regular.otf */ = {isa = PBXFileReference; lastKnownFileType = file; path = "Pretendard-Regular.otf"; sourceTree = "<group>"; };
		4A1179A52BA9572F00A9CF4C /* Pretendard-Black.otf */ = {isa = PBXFileReference; lastKnownFileType = file; path = "Pretendard-Black.otf"; sourceTree = "<group>"; };
		4A1179A62BA9572F00A9CF4C /* Pretendard-SemiBold.otf */ = {isa = PBXFileReference; lastKnownFileType = file; path = "Pretendard-SemiBold.otf"; sourceTree = "<group>"; };
		4A1179A72BA9572F00A9CF4C /* Pretendard-Bold.otf */ = {isa = PBXFileReference; lastKnownFileType = file; path = "Pretendard-Bold.otf"; sourceTree = "<group>"; };
		4A1179A82BA9572F00A9CF4C /* Pretendard-Medium.otf */ = {isa = PBXFileReference; lastKnownFileType = file; path = "Pretendard-Medium.otf"; sourceTree = "<group>"; };
		4A1179A92BA9572F00A9CF4C /* Pretendard-Light.otf */ = {isa = PBXFileReference; lastKnownFileType = file; path = "Pretendard-Light.otf"; sourceTree = "<group>"; };
		4A1179B32BA958ED00A9CF4C /* Info.plist */ = {isa = PBXFileReference; lastKnownFileType = text.plist; path = Info.plist; sourceTree = "<group>"; };
		4A1179B42BA9C20900A9CF4C /* ErrorCodePopUpView.swift */ = {isa = PBXFileReference; lastKnownFileType = sourcecode.swift; path = ErrorCodePopUpView.swift; sourceTree = "<group>"; };
		4A1C59872BC51AAE00EA2B49 /* OAuthAlamofire.swift */ = {isa = PBXFileReference; lastKnownFileType = sourcecode.swift; path = OAuthAlamofire.swift; sourceTree = "<group>"; };
		4A1C59892BC51AEB00EA2B49 /* OAuthRouter.swift */ = {isa = PBXFileReference; lastKnownFileType = sourcecode.swift; path = OAuthRouter.swift; sourceTree = "<group>"; };
		4A4703892BCEA3B700AEE04E /* OAuthLoginRequestDto.swift */ = {isa = PBXFileReference; lastKnownFileType = sourcecode.swift; path = OAuthLoginRequestDto.swift; sourceTree = "<group>"; };
		4A47038B2BCEA43500AEE04E /* OAuthVerificationCodeRequestDto.swift */ = {isa = PBXFileReference; lastKnownFileType = sourcecode.swift; path = OAuthVerificationCodeRequestDto.swift; sourceTree = "<group>"; };
		4A47038D2BCEA47600AEE04E /* OAuthVerificationRequestDto.swift */ = {isa = PBXFileReference; lastKnownFileType = sourcecode.swift; path = OAuthVerificationRequestDto.swift; sourceTree = "<group>"; };
		4A47038F2BCEA4D700AEE04E /* LinkOAuthToAccountRequestDto.swift */ = {isa = PBXFileReference; lastKnownFileType = sourcecode.swift; path = LinkOAuthToAccountRequestDto.swift; sourceTree = "<group>"; };
		4A4703912BCEA55500AEE04E /* OAuthSignUpRequestDto.swift */ = {isa = PBXFileReference; lastKnownFileType = sourcecode.swift; path = OAuthSignUpRequestDto.swift; sourceTree = "<group>"; };
		4A4703932BCEB21500AEE04E /* StatusError.swift */ = {isa = PBXFileReference; lastKnownFileType = sourcecode.swift; path = StatusError.swift; sourceTree = "<group>"; };
		4A4703952BCEB2E800AEE04E /* StatusCodeHandler.swift */ = {isa = PBXFileReference; lastKnownFileType = sourcecode.swift; path = StatusCodeHandler.swift; sourceTree = "<group>"; };
		4A4703A62BCEDD9800AEE04E /* VerificationCodeRequestDto.swift */ = {isa = PBXFileReference; fileEncoding = 4; lastKnownFileType = sourcecode.swift; path = VerificationCodeRequestDto.swift; sourceTree = "<group>"; };
		4A4703A82BCEE25000AEE04E /* SmsResponseDto.swift */ = {isa = PBXFileReference; lastKnownFileType = sourcecode.swift; path = SmsResponseDto.swift; sourceTree = "<group>"; };
		4A4703AA2BCEE52300AEE04E /* VerificationResponseDto.swift */ = {isa = PBXFileReference; lastKnownFileType = sourcecode.swift; path = VerificationResponseDto.swift; sourceTree = "<group>"; };
		4A4703AD2BCEE5AF00AEE04E /* OAuthVerificationResponseDto.swift */ = {isa = PBXFileReference; lastKnownFileType = sourcecode.swift; path = OAuthVerificationResponseDto.swift; sourceTree = "<group>"; };
		4A4703AF2BCF897300AEE04E /* ErrorResponseDto.swift */ = {isa = PBXFileReference; lastKnownFileType = sourcecode.swift; path = ErrorResponseDto.swift; sourceTree = "<group>"; };
		4A4A56712BACA2250071D00E /* PhoneVerificationView.swift */ = {isa = PBXFileReference; lastKnownFileType = sourcecode.swift; path = PhoneVerificationView.swift; sourceTree = "<group>"; };
		4A4A56732BACA4000071D00E /* NavigationCountView.swift */ = {isa = PBXFileReference; lastKnownFileType = sourcecode.swift; path = NavigationCountView.swift; sourceTree = "<group>"; };
		4A4A56772BACADBF0071D00E /* TermsAndConditionsView.swift */ = {isa = PBXFileReference; lastKnownFileType = sourcecode.swift; path = TermsAndConditionsView.swift; sourceTree = "<group>"; };
		4A4A56792BADEFF90071D00E /* NavigationBackButton.swift */ = {isa = PBXFileReference; fileEncoding = 4; lastKnownFileType = sourcecode.swift; path = NavigationBackButton.swift; sourceTree = "<group>"; };
		4A4D884C2BD81A62009EADB0 /* KeychainHelper.swift */ = {isa = PBXFileReference; fileEncoding = 4; lastKnownFileType = sourcecode.swift; path = KeychainHelper.swift; sourceTree = "<group>"; };
		4A4D884E2BD81F82009EADB0 /* CryptoHelper.swift */ = {isa = PBXFileReference; lastKnownFileType = sourcecode.swift; path = CryptoHelper.swift; sourceTree = "<group>"; };
		4A5050322BC3DA7700EE5666 /* PhoneNumberFormatter.swift */ = {isa = PBXFileReference; lastKnownFileType = sourcecode.swift; path = PhoneNumberFormatter.swift; sourceTree = "<group>"; };
		4A51D2AB2BB1855A0080083D /* CustomBottomButton.swift */ = {isa = PBXFileReference; lastKnownFileType = sourcecode.swift; path = CustomBottomButton.swift; sourceTree = "<group>"; };
		4A51D2AD2BB18EBC0080083D /* SignUpNavigationViewModel.swift */ = {isa = PBXFileReference; lastKnownFileType = sourcecode.swift; path = SignUpNavigationViewModel.swift; sourceTree = "<group>"; };
		4A57896E2BDBF01500AFEB26 /* BadRequestErrorCode.swift */ = {isa = PBXFileReference; lastKnownFileType = sourcecode.swift; path = BadRequestErrorCode.swift; sourceTree = "<group>"; };
		4A5789702BDC1ADC00AFEB26 /* UnauthorizedErrorCode.swift */ = {isa = PBXFileReference; lastKnownFileType = sourcecode.swift; path = UnauthorizedErrorCode.swift; sourceTree = "<group>"; };
		4A5789722BDC1C0B00AFEB26 /* ForbiddenErrorCode.swift */ = {isa = PBXFileReference; lastKnownFileType = sourcecode.swift; path = ForbiddenErrorCode.swift; sourceTree = "<group>"; };
		4A5789742BDC1CBF00AFEB26 /* NotFoundErrorCode.swift */ = {isa = PBXFileReference; lastKnownFileType = sourcecode.swift; path = NotFoundErrorCode.swift; sourceTree = "<group>"; };
		4A5789762BDC1D5500AFEB26 /* MethodNotAllowedErrorCode.swift */ = {isa = PBXFileReference; lastKnownFileType = sourcecode.swift; path = MethodNotAllowedErrorCode.swift; sourceTree = "<group>"; };
		4A5789782BDC1DDE00AFEB26 /* NotAcceptableErrorCode.swift */ = {isa = PBXFileReference; lastKnownFileType = sourcecode.swift; path = NotAcceptableErrorCode.swift; sourceTree = "<group>"; };
		4A57897A2BDC1E5A00AFEB26 /* ConflictErrorCode.swift */ = {isa = PBXFileReference; lastKnownFileType = sourcecode.swift; path = ConflictErrorCode.swift; sourceTree = "<group>"; };
		4A57897C2BDC1EDF00AFEB26 /* PreconditionFailedErrorCode.swift */ = {isa = PBXFileReference; lastKnownFileType = sourcecode.swift; path = PreconditionFailedErrorCode.swift; sourceTree = "<group>"; };
		4A57897E2BDC1F4E00AFEB26 /* UnprocessableContentErrorCode.swift */ = {isa = PBXFileReference; lastKnownFileType = sourcecode.swift; path = UnprocessableContentErrorCode.swift; sourceTree = "<group>"; };
		4A5789802BDC1FF300AFEB26 /* InternalServerErrorCode.swift */ = {isa = PBXFileReference; lastKnownFileType = sourcecode.swift; path = InternalServerErrorCode.swift; sourceTree = "<group>"; };
		4A5789842BDC269000AFEB26 /* StatusSpecificError.swift */ = {isa = PBXFileReference; lastKnownFileType = sourcecode.swift; path = StatusSpecificError.swift; sourceTree = "<group>"; };
		4A5789862BDC277100AFEB26 /* BadRequestError.swift */ = {isa = PBXFileReference; lastKnownFileType = sourcecode.swift; path = BadRequestError.swift; sourceTree = "<group>"; };
		4A57898A2BDC28F100AFEB26 /* UnauthorizedError.swift */ = {isa = PBXFileReference; lastKnownFileType = sourcecode.swift; path = UnauthorizedError.swift; sourceTree = "<group>"; };
		4A57898C2BDC291900AFEB26 /* ForbiddenError.swift */ = {isa = PBXFileReference; lastKnownFileType = sourcecode.swift; path = ForbiddenError.swift; sourceTree = "<group>"; };
		4A57898E2BDC298500AFEB26 /* NotFoundError.swift */ = {isa = PBXFileReference; lastKnownFileType = sourcecode.swift; path = NotFoundError.swift; sourceTree = "<group>"; };
		4A5789902BDC29A100AFEB26 /* MethodNotAllowedError.swift */ = {isa = PBXFileReference; lastKnownFileType = sourcecode.swift; path = MethodNotAllowedError.swift; sourceTree = "<group>"; };
		4A5789922BDC29CA00AFEB26 /* NotAcceptableError.swift */ = {isa = PBXFileReference; lastKnownFileType = sourcecode.swift; path = NotAcceptableError.swift; sourceTree = "<group>"; };
		4A5789942BDC29E700AFEB26 /* ConflictError.swift */ = {isa = PBXFileReference; lastKnownFileType = sourcecode.swift; path = ConflictError.swift; sourceTree = "<group>"; };
		4A5789962BDC29FC00AFEB26 /* PreconditionFailedError.swift */ = {isa = PBXFileReference; lastKnownFileType = sourcecode.swift; path = PreconditionFailedError.swift; sourceTree = "<group>"; };
		4A5789982BDC2A1100AFEB26 /* UnprocessableContentError.swift */ = {isa = PBXFileReference; lastKnownFileType = sourcecode.swift; path = UnprocessableContentError.swift; sourceTree = "<group>"; };
		4A57899A2BDC2A2500AFEB26 /* InternalServerError.swift */ = {isa = PBXFileReference; lastKnownFileType = sourcecode.swift; path = InternalServerError.swift; sourceTree = "<group>"; };
		4A69C1532BE69A9700A27B82 /* GoogleService-Info.plist */ = {isa = PBXFileReference; fileEncoding = 4; lastKnownFileType = text.plist.xml; path = "GoogleService-Info.plist"; sourceTree = "<group>"; };
		4A69C1552BE69DEA00A27B82 /* Log.swift */ = {isa = PBXFileReference; lastKnownFileType = sourcecode.swift; path = Log.swift; sourceTree = "<group>"; };
		4A6ACA362BD3D09E00D0789F /* Secrets.xcconfig */ = {isa = PBXFileReference; fileEncoding = 4; lastKnownFileType = text.xcconfig; path = Secrets.xcconfig; sourceTree = "<group>"; };
		4A6E62D32BA18F9B00111246 /* pennyway-client-iOS.entitlements */ = {isa = PBXFileReference; lastKnownFileType = text.plist.entitlements; path = "pennyway-client-iOS.entitlements"; sourceTree = "<group>"; };
		4A6E62D52BA5F7FC00111246 /* PhoneVerificationContentView.swift */ = {isa = PBXFileReference; lastKnownFileType = sourcecode.swift; path = PhoneVerificationContentView.swift; sourceTree = "<group>"; };
		4A6E62D72BA6082100111246 /* SignUpView.swift */ = {isa = PBXFileReference; lastKnownFileType = sourcecode.swift; path = SignUpView.swift; sourceTree = "<group>"; };
		4A762AE92B99A16B001C1188 /* pennyway-client-iOS.app */ = {isa = PBXFileReference; explicitFileType = wrapper.application; includeInIndex = 0; path = "pennyway-client-iOS.app"; sourceTree = BUILT_PRODUCTS_DIR; };
		4A762AEC2B99A16B001C1188 /* pennyway_client_iOSApp.swift */ = {isa = PBXFileReference; lastKnownFileType = sourcecode.swift; path = pennyway_client_iOSApp.swift; sourceTree = "<group>"; };
		4A762AEE2B99A16B001C1188 /* LoginView.swift */ = {isa = PBXFileReference; lastKnownFileType = sourcecode.swift; path = LoginView.swift; sourceTree = "<group>"; };
		4A762AF02B99A16D001C1188 /* Assets.xcassets */ = {isa = PBXFileReference; lastKnownFileType = folder.assetcatalog; path = Assets.xcassets; sourceTree = "<group>"; };
		4A762AF32B99A16D001C1188 /* Preview Assets.xcassets */ = {isa = PBXFileReference; lastKnownFileType = folder.assetcatalog; path = "Preview Assets.xcassets"; sourceTree = "<group>"; };
		4A762B002B99A239001C1188 /* SplashView.swift */ = {isa = PBXFileReference; lastKnownFileType = sourcecode.swift; path = SplashView.swift; sourceTree = "<group>"; };
		4A762B042B99A259001C1188 /* PhoneVerificationViewModel.swift */ = {isa = PBXFileReference; lastKnownFileType = sourcecode.swift; path = PhoneVerificationViewModel.swift; sourceTree = "<group>"; };
		4A762B062B99A262001C1188 /* TokenHandler.swift */ = {isa = PBXFileReference; lastKnownFileType = sourcecode.swift; path = TokenHandler.swift; sourceTree = "<group>"; };
		4A762B082B99A26C001C1188 /* TextExtensions.swift */ = {isa = PBXFileReference; lastKnownFileType = sourcecode.swift; path = TextExtensions.swift; sourceTree = "<group>"; };
		4A762B0A2B99A27A001C1188 /* NavigationAvailable.swift */ = {isa = PBXFileReference; lastKnownFileType = sourcecode.swift; path = NavigationAvailable.swift; sourceTree = "<group>"; };
		4A8571322BC650FA0082CE47 /* BaseUrl.swift */ = {isa = PBXFileReference; fileEncoding = 4; lastKnownFileType = sourcecode.swift; path = BaseUrl.swift; sourceTree = "<group>"; };
		4A8571392BC6FFD30082CE47 /* NumberInputSectionView.swift */ = {isa = PBXFileReference; fileEncoding = 4; lastKnownFileType = sourcecode.swift; path = NumberInputSectionView.swift; sourceTree = "<group>"; };
		4A8571412BC70E570082CE47 /* OAuthAccountLinkingViewModel.swift */ = {isa = PBXFileReference; lastKnownFileType = sourcecode.swift; path = OAuthAccountLinkingViewModel.swift; sourceTree = "<group>"; };
		4A8571432BC7C5EB0082CE47 /* OAuthSignUpViewModel.swift */ = {isa = PBXFileReference; lastKnownFileType = sourcecode.swift; path = OAuthSignUpViewModel.swift; sourceTree = "<group>"; };
		4AB5AB462BB4A32F00D2C9EA /* AuthAlamofire.swift */ = {isa = PBXFileReference; lastKnownFileType = sourcecode.swift; path = AuthAlamofire.swift; sourceTree = "<group>"; };
		4AB5AB492BB4A37600D2C9EA /* AuthRouter.swift */ = {isa = PBXFileReference; lastKnownFileType = sourcecode.swift; path = AuthRouter.swift; sourceTree = "<group>"; };
		4AB5AB4D2BB4A60500D2C9EA /* URLRequestExtension.swift */ = {isa = PBXFileReference; lastKnownFileType = sourcecode.swift; path = URLRequestExtension.swift; sourceTree = "<group>"; };
		4AB5AB4F2BB4A8CB00D2C9EA /* ApiStatusLogger.swift */ = {isa = PBXFileReference; lastKnownFileType = sourcecode.swift; path = ApiStatusLogger.swift; sourceTree = "<group>"; };
		4AB5AB512BB4A93500D2C9EA /* RequestLogger.swift */ = {isa = PBXFileReference; lastKnownFileType = sourcecode.swift; path = RequestLogger.swift; sourceTree = "<group>"; };
		4AB5AB542BB4AAF200D2C9EA /* BaseInterceptor.swift */ = {isa = PBXFileReference; lastKnownFileType = sourcecode.swift; path = BaseInterceptor.swift; sourceTree = "<group>"; };
		4AB5AB562BB5E88C00D2C9EA /* RegistrationManager.swift */ = {isa = PBXFileReference; lastKnownFileType = sourcecode.swift; path = RegistrationManager.swift; sourceTree = "<group>"; };
		4AB5AB582BB5E93900D2C9EA /* SignUpFormView.swift */ = {isa = PBXFileReference; fileEncoding = 4; lastKnownFileType = sourcecode.swift; path = SignUpFormView.swift; sourceTree = "<group>"; };
		4AB5AB5A2BB5E9BC00D2C9EA /* SignUpFormViewModel.swift */ = {isa = PBXFileReference; fileEncoding = 4; lastKnownFileType = sourcecode.swift; path = SignUpFormViewModel.swift; sourceTree = "<group>"; };
		4AB5AB602BB5ED3300D2C9EA /* TermsAndConditionsViewModel.swift */ = {isa = PBXFileReference; lastKnownFileType = sourcecode.swift; path = TermsAndConditionsViewModel.swift; sourceTree = "<group>"; };
		4AC4FD072BBDCC190027ACD5 /* KakaoOAuthViewModel.swift */ = {isa = PBXFileReference; lastKnownFileType = sourcecode.swift; path = KakaoOAuthViewModel.swift; sourceTree = "<group>"; };
		4AC4FD092BBDCE080027ACD5 /* GoogleOAuthViewModel.swift */ = {isa = PBXFileReference; lastKnownFileType = sourcecode.swift; path = GoogleOAuthViewModel.swift; sourceTree = "<group>"; };
		4AC4FD0B2BBE8AFC0027ACD5 /* AppleOAtuthViewModel.swift */ = {isa = PBXFileReference; lastKnownFileType = sourcecode.swift; path = AppleOAtuthViewModel.swift; sourceTree = "<group>"; };
		4AC9488D2BC1AD8F008DBC1F /* OAuthRegistrationManager.swift */ = {isa = PBXFileReference; lastKnownFileType = sourcecode.swift; path = OAuthRegistrationManager.swift; sourceTree = "<group>"; };
		4AC9488F2BC1C563008DBC1F /* OAuthAccountLinkingView.swift */ = {isa = PBXFileReference; lastKnownFileType = sourcecode.swift; path = OAuthAccountLinkingView.swift; sourceTree = "<group>"; };
		4ACE1FEE2BBB1D9600BB4F0A /* TermsAndConditionsContentView.swift */ = {isa = PBXFileReference; fileEncoding = 4; lastKnownFileType = sourcecode.swift; path = TermsAndConditionsContentView.swift; sourceTree = "<group>"; };
		4AD70E1A2BE0109D0058A52A /* WelcomeView.swift */ = {isa = PBXFileReference; fileEncoding = 4; lastKnownFileType = sourcecode.swift; path = WelcomeView.swift; sourceTree = "<group>"; };
		4AD70E212BE013C10058A52A /* ProfileMainView.swift */ = {isa = PBXFileReference; lastKnownFileType = sourcecode.swift; path = ProfileMainView.swift; sourceTree = "<group>"; };
		4AD70E242BE0153F0058A52A /* ProfileUserInfoView.swift */ = {isa = PBXFileReference; lastKnownFileType = sourcecode.swift; path = ProfileUserInfoView.swift; sourceTree = "<group>"; };
		4AD70E262BE015500058A52A /* ProfileOAuthButtonView.swift */ = {isa = PBXFileReference; lastKnownFileType = sourcecode.swift; path = ProfileOAuthButtonView.swift; sourceTree = "<group>"; };
		4AD70E282BE015970058A52A /* ProfileSettingListView.swift */ = {isa = PBXFileReference; lastKnownFileType = sourcecode.swift; path = ProfileSettingListView.swift; sourceTree = "<group>"; };
		4AD70E2A2BE0A8D30058A52A /* MainTabView.swift */ = {isa = PBXFileReference; lastKnownFileType = sourcecode.swift; path = MainTabView.swift; sourceTree = "<group>"; };
		4AE1A6192BD2D57600E7687B /* DynamicSizeFactor.swift */ = {isa = PBXFileReference; fileEncoding = 4; lastKnownFileType = sourcecode.swift; path = DynamicSizeFactor.swift; sourceTree = "<group>"; };
		5C86BC7DF91F1ADD72E96E7F /* Pods-pennyway-client-iOS.release.xcconfig */ = {isa = PBXFileReference; includeInIndex = 1; lastKnownFileType = text.xcconfig; name = "Pods-pennyway-client-iOS.release.xcconfig"; path = "Target Support Files/Pods-pennyway-client-iOS/Pods-pennyway-client-iOS.release.xcconfig"; sourceTree = "<group>"; };
		D80E6A0E2BB2A7F5009F2DFE /* AgreementSectionView.swift */ = {isa = PBXFileReference; lastKnownFileType = sourcecode.swift; path = AgreementSectionView.swift; sourceTree = "<group>"; };
		D8157E632BBEF2040083844B /* InputFormView.swift */ = {isa = PBXFileReference; lastKnownFileType = sourcecode.swift; path = InputFormView.swift; sourceTree = "<group>"; };
		D8157E652BBEF2740083844B /* OauthButtonView.swift */ = {isa = PBXFileReference; lastKnownFileType = sourcecode.swift; path = OauthButtonView.swift; sourceTree = "<group>"; };
		D8157E672BBEF4400083844B /* AdditionalOptionView.swift */ = {isa = PBXFileReference; lastKnownFileType = sourcecode.swift; path = AdditionalOptionView.swift; sourceTree = "<group>"; };
		D8157E712BC19E590083844B /* PhoneNumberInputSectionView.swift */ = {isa = PBXFileReference; lastKnownFileType = sourcecode.swift; path = PhoneNumberInputSectionView.swift; sourceTree = "<group>"; };
		D8180BFF2BE507E100F837FB /* FindIdView.swift */ = {isa = PBXFileReference; lastKnownFileType = sourcecode.swift; path = FindIdView.swift; sourceTree = "<group>"; };
		D8180C012BE507FD00F837FB /* FindIdFormView.swift */ = {isa = PBXFileReference; lastKnownFileType = sourcecode.swift; path = FindIdFormView.swift; sourceTree = "<group>"; };
		D8180C032BE5081F00F837FB /* FindIdContentView.swift */ = {isa = PBXFileReference; lastKnownFileType = sourcecode.swift; path = FindIdContentView.swift; sourceTree = "<group>"; };
		D8180C052BE5083500F837FB /* FindIdPhoneVerificationView.swift */ = {isa = PBXFileReference; lastKnownFileType = sourcecode.swift; path = FindIdPhoneVerificationView.swift; sourceTree = "<group>"; };
		D83D4CD42BE3E7890011D235 /* LogoutPopUpView.swift */ = {isa = PBXFileReference; lastKnownFileType = sourcecode.swift; path = LogoutPopUpView.swift; sourceTree = "<group>"; };
		D87CB0CF2BC5A47800BD882A /* FindPwView.swift */ = {isa = PBXFileReference; lastKnownFileType = sourcecode.swift; path = FindPwView.swift; sourceTree = "<group>"; };
		D87CB0D12BC5A4BC00BD882A /* ResetPwView.swift */ = {isa = PBXFileReference; lastKnownFileType = sourcecode.swift; path = ResetPwView.swift; sourceTree = "<group>"; };
		D87CB0D32BC5A57C00BD882A /* CompleteChangePwView.swift */ = {isa = PBXFileReference; lastKnownFileType = sourcecode.swift; path = CompleteChangePwView.swift; sourceTree = "<group>"; };
		D87CB0D52BC5B56600BD882A /* ResetPwFormView.swift */ = {isa = PBXFileReference; lastKnownFileType = sourcecode.swift; path = ResetPwFormView.swift; sourceTree = "<group>"; };
		D8880E182BCEBEE700922894 /* DynamicFontSize.swift */ = {isa = PBXFileReference; lastKnownFileType = sourcecode.swift; path = DynamicFontSize.swift; sourceTree = "<group>"; };
		D8880E1F2BCEED9B00922894 /* NavigationUtil.swift */ = {isa = PBXFileReference; lastKnownFileType = sourcecode.swift; path = NavigationUtil.swift; sourceTree = "<group>"; };
		D8880E232BD17FD000922894 /* TapGestureRecognizer.swift */ = {isa = PBXFileReference; lastKnownFileType = sourcecode.swift; path = TapGestureRecognizer.swift; sourceTree = "<group>"; };
		D88832972BBC60EC00F49B27 /* TextAutocapitalization.swift */ = {isa = PBXFileReference; lastKnownFileType = sourcecode.swift; path = TextAutocapitalization.swift; sourceTree = "<group>"; };
		D88832992BBC610300F49B27 /* AutoCorrectionExtensions.swift */ = {isa = PBXFileReference; lastKnownFileType = sourcecode.swift; path = AutoCorrectionExtensions.swift; sourceTree = "<group>"; };
		D888329B2BBC612600F49B27 /* LoginFormView.swift */ = {isa = PBXFileReference; lastKnownFileType = sourcecode.swift; path = LoginFormView.swift; sourceTree = "<group>"; };
		D888329D2BBC613E00F49B27 /* LoginFormViewModel.swift */ = {isa = PBXFileReference; lastKnownFileType = sourcecode.swift; path = LoginFormViewModel.swift; sourceTree = "<group>"; };
		D888329F2BBC615100F49B27 /* ErrorCodeContentView.swift */ = {isa = PBXFileReference; lastKnownFileType = sourcecode.swift; path = ErrorCodeContentView.swift; sourceTree = "<group>"; };
		D89FB7812BD97A2F0019DE3C /* FindUserNameDtoResponseDto.swift */ = {isa = PBXFileReference; lastKnownFileType = sourcecode.swift; name = FindUserNameDtoResponseDto.swift; path = "pennyway-client-iOS/API/Domain/AuthDomain/Dto/Response/FindUserNameDtoResponseDto.swift"; sourceTree = SOURCE_ROOT; };
		D89FB7832BD97B660019DE3C /* FindUserNameRequestDto.swift */ = {isa = PBXFileReference; lastKnownFileType = sourcecode.swift; name = FindUserNameRequestDto.swift; path = "pennyway-client-iOS/API/Domain/AuthDomain/Dto/Request/FindUserNameRequestDto.swift"; sourceTree = SOURCE_ROOT; };
		D89FB7882BDA925F0019DE3C /* FindUserNameViewModel.swift */ = {isa = PBXFileReference; lastKnownFileType = sourcecode.swift; path = FindUserNameViewModel.swift; sourceTree = "<group>"; };
		F0F9541D34A887D64D713E30 /* Pods_pennyway_client_iOS.framework */ = {isa = PBXFileReference; explicitFileType = wrapper.framework; includeInIndex = 0; path = Pods_pennyway_client_iOS.framework; sourceTree = BUILT_PRODUCTS_DIR; };
/* End PBXFileReference section */

/* Begin PBXFrameworksBuildPhase section */
		4A762AE62B99A16B001C1188 /* Frameworks */ = {
			isa = PBXFrameworksBuildPhase;
			buildActionMask = 2147483647;
			files = (
				2B9C10D7C0B3BA3565084FD9 /* Pods_pennyway_client_iOS.framework in Frameworks */,
			);
			runOnlyForDeploymentPostprocessing = 0;
		};
/* End PBXFrameworksBuildPhase section */

/* Begin PBXGroup section */
		41951791426F03880A100F2C /* Pods */ = {
			isa = PBXGroup;
			children = (
				01648F6A2404D638E6615EDB /* Pods-pennyway-client-iOS.debug.xcconfig */,
				5C86BC7DF91F1ADD72E96E7F /* Pods-pennyway-client-iOS.release.xcconfig */,
			);
			path = Pods;
			sourceTree = "<group>";
		};
		4A058EFD2BD03D5D004B6F89 /* Request */ = {
			isa = PBXGroup;
			children = (
				4A4703892BCEA3B700AEE04E /* OAuthLoginRequestDto.swift */,
				4A47038B2BCEA43500AEE04E /* OAuthVerificationCodeRequestDto.swift */,
				4A47038D2BCEA47600AEE04E /* OAuthVerificationRequestDto.swift */,
				4A47038F2BCEA4D700AEE04E /* LinkOAuthToAccountRequestDto.swift */,
				4A4703912BCEA55500AEE04E /* OAuthSignUpRequestDto.swift */,
			);
			path = Request;
			sourceTree = "<group>";
		};
		4A058F042BD050ED004B6F89 /* Text */ = {
			isa = PBXGroup;
			children = (
				4A762B082B99A26C001C1188 /* TextExtensions.swift */,
				D88832972BBC60EC00F49B27 /* TextAutocapitalization.swift */,
			);
			path = Text;
			sourceTree = "<group>";
		};
		4A058F052BD051C5004B6F89 /* Manager */ = {
			isa = PBXGroup;
			children = (
				4AC9488D2BC1AD8F008DBC1F /* OAuthRegistrationManager.swift */,
				4AB5AB562BB5E88C00D2C9EA /* RegistrationManager.swift */,
			);
			path = Manager;
			sourceTree = "<group>";
		};
		4A058F062BD051D9004B6F89 /* Network */ = {
			isa = PBXGroup;
			children = (
				4A4703A82BCEE25000AEE04E /* SmsResponseDto.swift */,
				4A058EFE2BD03E01004B6F89 /* AuthResponseDto.swift */,
				4A4703AF2BCF897300AEE04E /* ErrorResponseDto.swift */,
			);
			path = Network;
			sourceTree = "<group>";
		};
		4A058F072BD05598004B6F89 /* Handler */ = {
			isa = PBXGroup;
			children = (
				4A762B062B99A262001C1188 /* TokenHandler.swift */,
				4A058F082BD055F9004B6F89 /* ApiRequstHandler.swift */,
			);
			path = Handler;
			sourceTree = "<group>";
		};
		4A0FFBE42BCD9F2200EFEC56 /* Domain */ = {
			isa = PBXGroup;
			children = (
				4A0FFBE92BCD9FC200EFEC56 /* OAuthDomain */,
				4A0FFBE62BCD9F5D00EFEC56 /* AuthDomain */,
			);
			path = Domain;
			sourceTree = "<group>";
		};
		4A0FFBE52BCD9F5500EFEC56 /* Dto */ = {
			isa = PBXGroup;
			children = (
				4A4703972BCED80000AEE04E /* Response */,
				4A0FFBED2BCDA02900EFEC56 /* Request */,
			);
			path = Dto;
			sourceTree = "<group>";
		};
		4A0FFBE62BCD9F5D00EFEC56 /* AuthDomain */ = {
			isa = PBXGroup;
			children = (
				4A0FFBE82BCD9F6D00EFEC56 /* Alamofire */,
				4A0FFBE72BCD9F6700EFEC56 /* Router */,
				4A0FFBE52BCD9F5500EFEC56 /* Dto */,
			);
			path = AuthDomain;
			sourceTree = "<group>";
		};
		4A0FFBE72BCD9F6700EFEC56 /* Router */ = {
			isa = PBXGroup;
			children = (
				4AB5AB492BB4A37600D2C9EA /* AuthRouter.swift */,
			);
			path = Router;
			sourceTree = "<group>";
		};
		4A0FFBE82BCD9F6D00EFEC56 /* Alamofire */ = {
			isa = PBXGroup;
			children = (
				4AB5AB462BB4A32F00D2C9EA /* AuthAlamofire.swift */,
			);
			path = Alamofire;
			sourceTree = "<group>";
		};
		4A0FFBE92BCD9FC200EFEC56 /* OAuthDomain */ = {
			isa = PBXGroup;
			children = (
				4A0FFBEC2BCD9FD700EFEC56 /* Dto */,
				4A0FFBEB2BCD9FD100EFEC56 /* Router */,
				4A0FFBEA2BCD9FCB00EFEC56 /* Alamofire */,
			);
			path = OAuthDomain;
			sourceTree = "<group>";
		};
		4A0FFBEA2BCD9FCB00EFEC56 /* Alamofire */ = {
			isa = PBXGroup;
			children = (
				4A1C59872BC51AAE00EA2B49 /* OAuthAlamofire.swift */,
			);
			path = Alamofire;
			sourceTree = "<group>";
		};
		4A0FFBEB2BCD9FD100EFEC56 /* Router */ = {
			isa = PBXGroup;
			children = (
				4A1C59892BC51AEB00EA2B49 /* OAuthRouter.swift */,
			);
			path = Router;
			sourceTree = "<group>";
		};
		4A0FFBEC2BCD9FD700EFEC56 /* Dto */ = {
			isa = PBXGroup;
			children = (
				4A058EFD2BD03D5D004B6F89 /* Request */,
				4A4703AC2BCEE58D00AEE04E /* Response */,
			);
			path = Dto;
			sourceTree = "<group>";
		};
		4A0FFBED2BCDA02900EFEC56 /* Request */ = {
			isa = PBXGroup;
			children = (
				4A4703A62BCEDD9800AEE04E /* VerificationCodeRequestDto.swift */,
				4A0FFBEE2BCDA05B00EFEC56 /* SignUpRequestDto.swift */,
				4A0FFBF22BCDA13500EFEC56 /* VerificationRequestDto.swift */,
				4A0FFBF42BCDA16B00EFEC56 /* CheckDuplicateRequestDto.swift */,
				4A0FFBF62BCDA18C00EFEC56 /* LoginRequestDto.swift */,
				4A0FFBF82BCDA1F600EFEC56 /* LinkAccountToOAuthRequestDto.swift */,
				D89FB7832BD97B660019DE3C /* FindUserNameRequestDto.swift */,
			);
			path = Request;
			sourceTree = "<group>";
		};
		4A1179812BA86D6C00A9CF4C /* CustomView */ = {
			isa = PBXGroup;
			children = (
				4A11797F2BA86AF400A9CF4C /* CustomInputView.swift */,
				4A51D2AB2BB1855A0080083D /* CustomBottomButton.swift */,
			);
			path = CustomView;
			sourceTree = "<group>";
		};
		4A1179822BA9522D00A9CF4C /* Resource */ = {
			isa = PBXGroup;
			children = (
				4A1179832BA9524400A9CF4C /* Fonts */,
			);
			path = Resource;
			sourceTree = "<group>";
		};
		4A1179832BA9524400A9CF4C /* Fonts */ = {
			isa = PBXGroup;
			children = (
				4A1179A52BA9572F00A9CF4C /* Pretendard-Black.otf */,
				4A1179A72BA9572F00A9CF4C /* Pretendard-Bold.otf */,
				4A1179A12BA9572F00A9CF4C /* Pretendard-ExtraBold.otf */,
				4A1179A22BA9572F00A9CF4C /* Pretendard-ExtraLight.otf */,
				4A1179A92BA9572F00A9CF4C /* Pretendard-Light.otf */,
				4A1179A82BA9572F00A9CF4C /* Pretendard-Medium.otf */,
				4A1179A42BA9572F00A9CF4C /* Pretendard-Regular.otf */,
				4A1179A62BA9572F00A9CF4C /* Pretendard-SemiBold.otf */,
				4A1179A32BA9572F00A9CF4C /* Pretendard-Thin.otf */,
			);
			path = Fonts;
			sourceTree = "<group>";
		};
		4A4703972BCED80000AEE04E /* Response */ = {
			isa = PBXGroup;
			children = (
				4A4703AA2BCEE52300AEE04E /* VerificationResponseDto.swift */,
				4A058F022BD048F8004B6F89 /* CheckDuplicateResponseDto.swift */,
				D89FB7812BD97A2F0019DE3C /* FindUserNameDtoResponseDto.swift */,
			);
			path = Response;
			sourceTree = "<group>";
		};
		4A4703AC2BCEE58D00AEE04E /* Response */ = {
			isa = PBXGroup;
			children = (
				4A4703AD2BCEE5AF00AEE04E /* OAuthVerificationResponseDto.swift */,
			);
			path = Response;
			sourceTree = "<group>";
		};
		4A4A566D2BAC96A10071D00E /* PhoneVerificationView */ = {
			isa = PBXGroup;
			children = (
				4A4A56712BACA2250071D00E /* PhoneVerificationView.swift */,
				4A6E62D52BA5F7FC00111246 /* PhoneVerificationContentView.swift */,
				4A1179B42BA9C20900A9CF4C /* ErrorCodePopUpView.swift */,
				4A8571392BC6FFD30082CE47 /* NumberInputSectionView.swift */,
				D8157E712BC19E590083844B /* PhoneNumberInputSectionView.swift */,
			);
			path = PhoneVerificationView;
			sourceTree = "<group>";
		};
		4A4A566E2BAC97C90071D00E /* ElementView */ = {
			isa = PBXGroup;
			children = (
				4A4A56792BADEFF90071D00E /* NavigationBackButton.swift */,
				4A4A56732BACA4000071D00E /* NavigationCountView.swift */,
			);
			path = ElementView;
			sourceTree = "<group>";
		};
		4A4A56752BACACEE0071D00E /* SignUpView */ = {
			isa = PBXGroup;
			children = (
				4AB5AB582BB5E93900D2C9EA /* SignUpFormView.swift */,
				4A6E62D72BA6082100111246 /* SignUpView.swift */,
			);
			path = SignUpView;
			sourceTree = "<group>";
		};
		4A4A56762BACAD5A0071D00E /* TermsAndConditionsView */ = {
			isa = PBXGroup;
			children = (
				4ACE1FEE2BBB1D9600BB4F0A /* TermsAndConditionsContentView.swift */,
				4A4A56772BACADBF0071D00E /* TermsAndConditionsView.swift */,
				D80E6A0E2BB2A7F5009F2DFE /* AgreementSectionView.swift */,
			);
			path = TermsAndConditionsView;
			sourceTree = "<group>";
		};
		4A4B454C2BD16EE500D41C9A /* Recovered References */ = {
			isa = PBXGroup;
			children = (
			);
			name = "Recovered References";
			sourceTree = "<group>";
		};
		4A57896D2BDBEFF000AFEB26 /* Error */ = {
			isa = PBXGroup;
			children = (
				4A5789832BDC267900AFEB26 /* StatusCode */,
				4A5789822BDC24A500AFEB26 /* ErrorCode */,
			);
			path = Error;
			sourceTree = "<group>";
		};
		4A5789822BDC24A500AFEB26 /* ErrorCode */ = {
			isa = PBXGroup;
			children = (
				4A5789892BDC27AA00AFEB26 /* ErrorCodeHandler */,
				4A5789882BDC279300AFEB26 /* ErrorCodes */,
			);
			path = ErrorCode;
			sourceTree = "<group>";
		};
		4A5789832BDC267900AFEB26 /* StatusCode */ = {
			isa = PBXGroup;
			children = (
				4A4703952BCEB2E800AEE04E /* StatusCodeHandler.swift */,
				4A4703932BCEB21500AEE04E /* StatusError.swift */,
				4A5789842BDC269000AFEB26 /* StatusSpecificError.swift */,
			);
			path = StatusCode;
			sourceTree = "<group>";
		};
		4A5789882BDC279300AFEB26 /* ErrorCodes */ = {
			isa = PBXGroup;
			children = (
				4A57896E2BDBF01500AFEB26 /* BadRequestErrorCode.swift */,
				4A5789702BDC1ADC00AFEB26 /* UnauthorizedErrorCode.swift */,
				4A5789722BDC1C0B00AFEB26 /* ForbiddenErrorCode.swift */,
				4A5789742BDC1CBF00AFEB26 /* NotFoundErrorCode.swift */,
				4A5789762BDC1D5500AFEB26 /* MethodNotAllowedErrorCode.swift */,
				4A5789782BDC1DDE00AFEB26 /* NotAcceptableErrorCode.swift */,
				4A57897A2BDC1E5A00AFEB26 /* ConflictErrorCode.swift */,
				4A57897C2BDC1EDF00AFEB26 /* PreconditionFailedErrorCode.swift */,
				4A57897E2BDC1F4E00AFEB26 /* UnprocessableContentErrorCode.swift */,
				4A5789802BDC1FF300AFEB26 /* InternalServerErrorCode.swift */,
			);
			path = ErrorCodes;
			sourceTree = "<group>";
		};
		4A5789892BDC27AA00AFEB26 /* ErrorCodeHandler */ = {
			isa = PBXGroup;
			children = (
				4A5789862BDC277100AFEB26 /* BadRequestError.swift */,
				4A57898A2BDC28F100AFEB26 /* UnauthorizedError.swift */,
				4A57898C2BDC291900AFEB26 /* ForbiddenError.swift */,
				4A57898E2BDC298500AFEB26 /* NotFoundError.swift */,
				4A5789902BDC29A100AFEB26 /* MethodNotAllowedError.swift */,
				4A5789922BDC29CA00AFEB26 /* NotAcceptableError.swift */,
				4A5789942BDC29E700AFEB26 /* ConflictError.swift */,
				4A5789962BDC29FC00AFEB26 /* PreconditionFailedError.swift */,
				4A5789982BDC2A1100AFEB26 /* UnprocessableContentError.swift */,
				4A57899A2BDC2A2500AFEB26 /* InternalServerError.swift */,
			);
			path = ErrorCodeHandler;
			sourceTree = "<group>";
		};
		4A6E62D42BA5F7CC00111246 /* SignUpView */ = {
			isa = PBXGroup;
			children = (
				4A4A56762BACAD5A0071D00E /* TermsAndConditionsView */,
				4A4A56752BACACEE0071D00E /* SignUpView */,
				4A4A566D2BAC96A10071D00E /* PhoneVerificationView */,
				4AC9488F2BC1C563008DBC1F /* OAuthAccountLinkingView.swift */,
				4AD70E1A2BE0109D0058A52A /* WelcomeView.swift */,
			);
			path = SignUpView;
			sourceTree = "<group>";
		};
		4A762AE02B99A16B001C1188 = {
			isa = PBXGroup;
			children = (
				4A762AEB2B99A16B001C1188 /* pennyway-client-iOS */,
				4A762AEA2B99A16B001C1188 /* Products */,
				41951791426F03880A100F2C /* Pods */,
				C2F5B21500B89F9F684EBF8B /* Frameworks */,
				4A4B454C2BD16EE500D41C9A /* Recovered References */,
			);
			sourceTree = "<group>";
		};
		4A762AEA2B99A16B001C1188 /* Products */ = {
			isa = PBXGroup;
			children = (
				4A762AE92B99A16B001C1188 /* pennyway-client-iOS.app */,
			);
			name = Products;
			sourceTree = "<group>";
		};
		4A762AEB2B99A16B001C1188 /* pennyway-client-iOS */ = {
			isa = PBXGroup;
			children = (
				4A69C1532BE69A9700A27B82 /* GoogleService-Info.plist */,
				4A1179B32BA958ED00A9CF4C /* Info.plist */,
				4A8571332BC650FA0082CE47 /* Constants */,
				4A1179822BA9522D00A9CF4C /* Resource */,
				4A6E62D32BA18F9B00111246 /* pennyway-client-iOS.entitlements */,
				4A762AFF2B99A1DF001C1188 /* Utils */,
				4A762AFE2B99A1D7001C1188 /* Extension */,
				4A762AFD2B99A1D1001C1188 /* Api */,
				4A762AFC2B99A1CB001C1188 /* ViewModel */,
				4A762AFB2B99A1C4001C1188 /* View */,
				4A762AFA2B99A1A5001C1188 /* Model */,
				4A762AEC2B99A16B001C1188 /* pennyway_client_iOSApp.swift */,
				4A6ACA362BD3D09E00D0789F /* Secrets.xcconfig */,
				4A762AF02B99A16D001C1188 /* Assets.xcassets */,
				4A762AF22B99A16D001C1188 /* Preview Content */,
			);
			path = "pennyway-client-iOS";
			sourceTree = "<group>";
		};
		4A762AF22B99A16D001C1188 /* Preview Content */ = {
			isa = PBXGroup;
			children = (
				4A762AF32B99A16D001C1188 /* Preview Assets.xcassets */,
			);
			path = "Preview Content";
			sourceTree = "<group>";
		};
		4A762AFA2B99A1A5001C1188 /* Model */ = {
			isa = PBXGroup;
			children = (
				4A058F062BD051D9004B6F89 /* Network */,
			);
			path = Model;
			sourceTree = "<group>";
		};
		4A762AFB2B99A1C4001C1188 /* View */ = {
			isa = PBXGroup;
			children = (
				4AD70E1C2BE0110B0058A52A /* TabView */,
				4AD70E192BE010430058A52A /* AuthView */,
				4A4A566E2BAC97C90071D00E /* ElementView */,
				4A1179812BA86D6C00A9CF4C /* CustomView */,
				4A762B002B99A239001C1188 /* SplashView.swift */,
			);
			path = View;
			sourceTree = "<group>";
		};
		4A762AFC2B99A1CB001C1188 /* ViewModel */ = {
			isa = PBXGroup;
			children = (
				4AC4FD062BBDCC010027ACD5 /* OAuthViewModel */,
				4AB5AB5A2BB5E9BC00D2C9EA /* SignUpFormViewModel.swift */,
				4A762B042B99A259001C1188 /* PhoneVerificationViewModel.swift */,
				4A51D2AD2BB18EBC0080083D /* SignUpNavigationViewModel.swift */,
				4AB5AB602BB5ED3300D2C9EA /* TermsAndConditionsViewModel.swift */,
				D888329D2BBC613E00F49B27 /* LoginFormViewModel.swift */,
				D89FB7882BDA925F0019DE3C /* FindUserNameViewModel.swift */,
			);
			path = ViewModel;
			sourceTree = "<group>";
		};
		4A762AFD2B99A1D1001C1188 /* Api */ = {
			isa = PBXGroup;
			children = (
				4A57896D2BDBEFF000AFEB26 /* Error */,
				4A058F072BD05598004B6F89 /* Handler */,
				4A0FFBE42BCD9F2200EFEC56 /* Domain */,
				4AB5AB532BB4AA2A00D2C9EA /* Logger */,
				4AB5AB4D2BB4A60500D2C9EA /* URLRequestExtension.swift */,
				4A4D884C2BD81A62009EADB0 /* KeychainHelper.swift */,
				4AB5AB542BB4AAF200D2C9EA /* BaseInterceptor.swift */,
				4A4D884E2BD81F82009EADB0 /* CryptoHelper.swift */,
			);
			path = Api;
			sourceTree = "<group>";
		};
		4A762AFE2B99A1D7001C1188 /* Extension */ = {
			isa = PBXGroup;
			children = (
				4A058F042BD050ED004B6F89 /* Text */,
				4A8571452BC85E1B0082CE47 /* Font */,
				D88832992BBC610300F49B27 /* AutoCorrectionExtensions.swift */,
				4A0FFBFA2BCDA74000EFEC56 /* EncodableExtension.swift */,
				D8880E232BD17FD000922894 /* TapGestureRecognizer.swift */,
			);
			path = Extension;
			sourceTree = "<group>";
		};
		4A762AFF2B99A1DF001C1188 /* Utils */ = {
			isa = PBXGroup;
			children = (
				4A058F052BD051C5004B6F89 /* Manager */,
				4A762B0A2B99A27A001C1188 /* NavigationAvailable.swift */,
				4A5050322BC3DA7700EE5666 /* PhoneNumberFormatter.swift */,
				4AE1A6192BD2D57600E7687B /* DynamicSizeFactor.swift */,
				D8880E1F2BCEED9B00922894 /* NavigationUtil.swift */,
				4A69C1552BE69DEA00A27B82 /* Log.swift */,
			);
			path = Utils;
			sourceTree = "<group>";
		};
		4A8571332BC650FA0082CE47 /* Constants */ = {
			isa = PBXGroup;
			children = (
				4A8571322BC650FA0082CE47 /* BaseUrl.swift */,
			);
			path = Constants;
			sourceTree = "<group>";
		};
		4A8571452BC85E1B0082CE47 /* Font */ = {
			isa = PBXGroup;
			children = (
				4A11799F2BA9533D00A9CF4C /* FontExtensions.swift */,
				D8880E182BCEBEE700922894 /* DynamicFontSize.swift */,
			);
			path = Font;
			sourceTree = "<group>";
		};
		4AB5AB532BB4AA2A00D2C9EA /* Logger */ = {
			isa = PBXGroup;
			children = (
				4AB5AB4F2BB4A8CB00D2C9EA /* ApiStatusLogger.swift */,
				4AB5AB512BB4A93500D2C9EA /* RequestLogger.swift */,
			);
			path = Logger;
			sourceTree = "<group>";
		};
		4AC4FD062BBDCC010027ACD5 /* OAuthViewModel */ = {
			isa = PBXGroup;
			children = (
				4AC4FD072BBDCC190027ACD5 /* KakaoOAuthViewModel.swift */,
				4A058F002BD046C1004B6F89 /* OAuthLoginViewModel.swift */,
				4AC4FD092BBDCE080027ACD5 /* GoogleOAuthViewModel.swift */,
				4AC4FD0B2BBE8AFC0027ACD5 /* AppleOAtuthViewModel.swift */,
				4A8571412BC70E570082CE47 /* OAuthAccountLinkingViewModel.swift */,
				4A8571432BC7C5EB0082CE47 /* OAuthSignUpViewModel.swift */,
			);
			path = OAuthViewModel;
			sourceTree = "<group>";
		};
		4AD70E192BE010430058A52A /* AuthView */ = {
			isa = PBXGroup;
			children = (
				D8180BFE2BE507D200F837FB /* FindIdView */,
				D87CB0CE2BC5A43B00BD882A /* FindPwView */,
				D88832962BBC60C400F49B27 /* LoginView */,
				4A6E62D42BA5F7CC00111246 /* SignUpView */,
			);
			path = AuthView;
			sourceTree = "<group>";
		};
		4AD70E1C2BE0110B0058A52A /* TabView */ = {
			isa = PBXGroup;
			children = (
				4AD70E202BE013430058A52A /* ChatView */,
				4AD70E1F2BE013380058A52A /* FeedView */,
				4AD70E1E2BE011970058A52A /* SpendManagementView */,
				4AD70E1D2BE011370058A52A /* ProfileView */,
				4AD70E2A2BE0A8D30058A52A /* MainTabView.swift */,
			);
			path = TabView;
			sourceTree = "<group>";
		};
		4AD70E1D2BE011370058A52A /* ProfileView */ = {
			isa = PBXGroup;
			children = (
				4AD70E232BE014C40058A52A /* ProfileMainView */,
				D83D4CD42BE3E7890011D235 /* LogoutPopUpView.swift */,
			);
			path = ProfileView;
			sourceTree = "<group>";
		};
		4AD70E1E2BE011970058A52A /* SpendManagementView */ = {
			isa = PBXGroup;
			children = (
			);
			path = SpendManagementView;
			sourceTree = "<group>";
		};
		4AD70E1F2BE013380058A52A /* FeedView */ = {
			isa = PBXGroup;
			children = (
			);
			path = FeedView;
			sourceTree = "<group>";
		};
		4AD70E202BE013430058A52A /* ChatView */ = {
			isa = PBXGroup;
			children = (
			);
			path = ChatView;
			sourceTree = "<group>";
		};
		4AD70E232BE014C40058A52A /* ProfileMainView */ = {
			isa = PBXGroup;
			children = (
				4AD70E212BE013C10058A52A /* ProfileMainView.swift */,
				4AD70E242BE0153F0058A52A /* ProfileUserInfoView.swift */,
				4AD70E262BE015500058A52A /* ProfileOAuthButtonView.swift */,
				4AD70E282BE015970058A52A /* ProfileSettingListView.swift */,
			);
			path = ProfileMainView;
			sourceTree = "<group>";
		};
		C2F5B21500B89F9F684EBF8B /* Frameworks */ = {
			isa = PBXGroup;
			children = (
				F0F9541D34A887D64D713E30 /* Pods_pennyway_client_iOS.framework */,
			);
			name = Frameworks;
			sourceTree = "<group>";
		};
		D8180BFE2BE507D200F837FB /* FindIdView */ = {
			isa = PBXGroup;
			children = (
				D8180BFF2BE507E100F837FB /* FindIdView.swift */,
				D8180C012BE507FD00F837FB /* FindIdFormView.swift */,
				D8180C032BE5081F00F837FB /* FindIdContentView.swift */,
				D8180C052BE5083500F837FB /* FindIdPhoneVerificationView.swift */,
			);
			path = FindIdView;
			sourceTree = "<group>";
		};
		D87CB0CE2BC5A43B00BD882A /* FindPwView */ = {
			isa = PBXGroup;
			children = (
				D87CB0CF2BC5A47800BD882A /* FindPwView.swift */,
				D87CB0D12BC5A4BC00BD882A /* ResetPwView.swift */,
				D87CB0D32BC5A57C00BD882A /* CompleteChangePwView.swift */,
				D87CB0D52BC5B56600BD882A /* ResetPwFormView.swift */,
			);
			path = FindPwView;
			sourceTree = "<group>";
		};
		D88832962BBC60C400F49B27 /* LoginView */ = {
			isa = PBXGroup;
			children = (
				4A762AEE2B99A16B001C1188 /* LoginView.swift */,
				D888329B2BBC612600F49B27 /* LoginFormView.swift */,
				D888329F2BBC615100F49B27 /* ErrorCodeContentView.swift */,
				D8157E632BBEF2040083844B /* InputFormView.swift */,
				D8157E652BBEF2740083844B /* OauthButtonView.swift */,
				D8157E672BBEF4400083844B /* AdditionalOptionView.swift */,
			);
			path = LoginView;
			sourceTree = "<group>";
		};
/* End PBXGroup section */

/* Begin PBXNativeTarget section */
		4A762AE82B99A16B001C1188 /* pennyway-client-iOS */ = {
			isa = PBXNativeTarget;
			buildConfigurationList = 4A762AF72B99A16D001C1188 /* Build configuration list for PBXNativeTarget "pennyway-client-iOS" */;
			buildPhases = (
				08C52BD7B1B264293E382616 /* [CP] Check Pods Manifest.lock */,
				4ACE1FF02BBB1F3B00BB4F0A /* ShellScript */,
				4A762AE52B99A16B001C1188 /* Sources */,
				4A762AE62B99A16B001C1188 /* Frameworks */,
				4A762AE72B99A16B001C1188 /* Resources */,
				24C9C1C263B27715B91C6BC6 /* [CP] Embed Pods Frameworks */,
			);
			buildRules = (
			);
			dependencies = (
			);
			name = "pennyway-client-iOS";
			productName = "pennyway-client-iOS";
			productReference = 4A762AE92B99A16B001C1188 /* pennyway-client-iOS.app */;
			productType = "com.apple.product-type.application";
		};
/* End PBXNativeTarget section */

/* Begin PBXProject section */
		4A762AE12B99A16B001C1188 /* Project object */ = {
			isa = PBXProject;
			attributes = {
				BuildIndependentTargetsInParallel = 1;
				LastSwiftUpdateCheck = 1520;
				LastUpgradeCheck = 1520;
				TargetAttributes = {
					4A762AE82B99A16B001C1188 = {
						CreatedOnToolsVersion = 15.2;
					};
				};
			};
			buildConfigurationList = 4A762AE42B99A16B001C1188 /* Build configuration list for PBXProject "pennyway-client-iOS" */;
			compatibilityVersion = "Xcode 14.0";
			developmentRegion = en;
			hasScannedForEncodings = 0;
			knownRegions = (
				en,
				Base,
			);
			mainGroup = 4A762AE02B99A16B001C1188;
			productRefGroup = 4A762AEA2B99A16B001C1188 /* Products */;
			projectDirPath = "";
			projectRoot = "";
			targets = (
				4A762AE82B99A16B001C1188 /* pennyway-client-iOS */,
			);
		};
/* End PBXProject section */

/* Begin PBXResourcesBuildPhase section */
		4A762AE72B99A16B001C1188 /* Resources */ = {
			isa = PBXResourcesBuildPhase;
			buildActionMask = 2147483647;
			files = (
				4A69C1542BE69A9700A27B82 /* GoogleService-Info.plist in Resources */,
				4A762AF42B99A16D001C1188 /* Preview Assets.xcassets in Resources */,
				4A6ACA372BD3D09E00D0789F /* Secrets.xcconfig in Resources */,
				4A1179B12BA9572F00A9CF4C /* Pretendard-Medium.otf in Resources */,
				4A1179AD2BA9572F00A9CF4C /* Pretendard-Regular.otf in Resources */,
				4A1179AC2BA9572F00A9CF4C /* Pretendard-Thin.otf in Resources */,
				4A1179AF2BA9572F00A9CF4C /* Pretendard-SemiBold.otf in Resources */,
				4A1179B22BA9572F00A9CF4C /* Pretendard-Light.otf in Resources */,
				4A762AF12B99A16D001C1188 /* Assets.xcassets in Resources */,
				4A1179AB2BA9572F00A9CF4C /* Pretendard-ExtraLight.otf in Resources */,
				4A1179AE2BA9572F00A9CF4C /* Pretendard-Black.otf in Resources */,
				4A1179B02BA9572F00A9CF4C /* Pretendard-Bold.otf in Resources */,
				4A1179AA2BA9572F00A9CF4C /* Pretendard-ExtraBold.otf in Resources */,
			);
			runOnlyForDeploymentPostprocessing = 0;
		};
/* End PBXResourcesBuildPhase section */

/* Begin PBXShellScriptBuildPhase section */
		08C52BD7B1B264293E382616 /* [CP] Check Pods Manifest.lock */ = {
			isa = PBXShellScriptBuildPhase;
			buildActionMask = 2147483647;
			files = (
			);
			inputFileListPaths = (
			);
			inputPaths = (
				"${PODS_PODFILE_DIR_PATH}/Podfile.lock",
				"${PODS_ROOT}/Manifest.lock",
			);
			name = "[CP] Check Pods Manifest.lock";
			outputFileListPaths = (
			);
			outputPaths = (
				"$(DERIVED_FILE_DIR)/Pods-pennyway-client-iOS-checkManifestLockResult.txt",
			);
			runOnlyForDeploymentPostprocessing = 0;
			shellPath = /bin/sh;
			shellScript = "diff \"${PODS_PODFILE_DIR_PATH}/Podfile.lock\" \"${PODS_ROOT}/Manifest.lock\" > /dev/null\nif [ $? != 0 ] ; then\n    # print error to STDERR\n    echo \"error: The sandbox is not in sync with the Podfile.lock. Run 'pod install' or update your CocoaPods installation.\" >&2\n    exit 1\nfi\n# This output is used by Xcode 'outputs' to avoid re-running this script phase.\necho \"SUCCESS\" > \"${SCRIPT_OUTPUT_FILE_0}\"\n";
			showEnvVarsInLog = 0;
		};
		24C9C1C263B27715B91C6BC6 /* [CP] Embed Pods Frameworks */ = {
			isa = PBXShellScriptBuildPhase;
			buildActionMask = 2147483647;
			files = (
			);
			inputFileListPaths = (
				"${PODS_ROOT}/Target Support Files/Pods-pennyway-client-iOS/Pods-pennyway-client-iOS-frameworks-${CONFIGURATION}-input-files.xcfilelist",
			);
			name = "[CP] Embed Pods Frameworks";
			outputFileListPaths = (
				"${PODS_ROOT}/Target Support Files/Pods-pennyway-client-iOS/Pods-pennyway-client-iOS-frameworks-${CONFIGURATION}-output-files.xcfilelist",
			);
			runOnlyForDeploymentPostprocessing = 0;
			shellPath = /bin/sh;
			shellScript = "\"${PODS_ROOT}/Target Support Files/Pods-pennyway-client-iOS/Pods-pennyway-client-iOS-frameworks.sh\"\n";
			showEnvVarsInLog = 0;
		};
		4ACE1FF02BBB1F3B00BB4F0A /* ShellScript */ = {
			isa = PBXShellScriptBuildPhase;
			buildActionMask = 2147483647;
			files = (
			);
			inputFileListPaths = (
			);
			inputPaths = (
			);
			outputFileListPaths = (
			);
			outputPaths = (
			);
			runOnlyForDeploymentPostprocessing = 0;
			shellPath = /bin/sh;
			shellScript = "# Type a script or drag a script file from your workspace to insert its path.\n\"${PODS_ROOT}/SwiftFormat/CommandLineTool/swiftformat\" \"$SRCROOT\"\n";
			showEnvVarsInLog = 0;
		};
/* End PBXShellScriptBuildPhase section */

/* Begin PBXSourcesBuildPhase section */
		4A762AE52B99A16B001C1188 /* Sources */ = {
			isa = PBXSourcesBuildPhase;
			buildActionMask = 2147483647;
			files = (
				4AB5AB612BB5ED3300D2C9EA /* TermsAndConditionsViewModel.swift in Sources */,
				4A5789852BDC269000AFEB26 /* StatusSpecificError.swift in Sources */,
				4AE1A61A2BD2D57600E7687B /* DynamicSizeFactor.swift in Sources */,
				4A5789712BDC1ADC00AFEB26 /* UnauthorizedErrorCode.swift in Sources */,
				D83D4CD52BE3E7890011D235 /* LogoutPopUpView.swift in Sources */,
				4AC4FD0C2BBE8AFC0027ACD5 /* AppleOAtuthViewModel.swift in Sources */,
				4AC4FD082BBDCC190027ACD5 /* KakaoOAuthViewModel.swift in Sources */,
				4AB5AB5B2BB5E9BD00D2C9EA /* SignUpFormViewModel.swift in Sources */,
				4A5789992BDC2A1100AFEB26 /* UnprocessableContentError.swift in Sources */,
				4A4A56742BACA4000071D00E /* NavigationCountView.swift in Sources */,
				4AD70E2B2BE0A8D30058A52A /* MainTabView.swift in Sources */,
				4A5789912BDC29A100AFEB26 /* MethodNotAllowedError.swift in Sources */,
				4A8571342BC650FA0082CE47 /* BaseUrl.swift in Sources */,
				4A1C598A2BC51AEB00EA2B49 /* OAuthRouter.swift in Sources */,
				4A57896F2BDBF01500AFEB26 /* BadRequestErrorCode.swift in Sources */,
				4A57897B2BDC1E5A00AFEB26 /* ConflictErrorCode.swift in Sources */,
				4A4D884F2BD81F82009EADB0 /* CryptoHelper.swift in Sources */,
				4A5789752BDC1CBF00AFEB26 /* NotFoundErrorCode.swift in Sources */,
				4A57898F2BDC298500AFEB26 /* NotFoundError.swift in Sources */,
				D888329E2BBC613E00F49B27 /* LoginFormViewModel.swift in Sources */,
				D8180C022BE507FD00F837FB /* FindIdFormView.swift in Sources */,
				4A058F032BD048F8004B6F89 /* CheckDuplicateResponseDto.swift in Sources */,
				4AC948902BC1C563008DBC1F /* OAuthAccountLinkingView.swift in Sources */,
				4A0FFBEF2BCDA05B00EFEC56 /* SignUpRequestDto.swift in Sources */,
				4A51D2AE2BB18EBC0080083D /* SignUpNavigationViewModel.swift in Sources */,
				4A57898D2BDC291900AFEB26 /* ForbiddenError.swift in Sources */,
				4A5789872BDC277100AFEB26 /* BadRequestError.swift in Sources */,
				4A57897D2BDC1EDF00AFEB26 /* PreconditionFailedErrorCode.swift in Sources */,
				4A5789972BDC29FD00AFEB26 /* PreconditionFailedError.swift in Sources */,
				4A762AEF2B99A16B001C1188 /* LoginView.swift in Sources */,
				D80E6A152BB2E0C4009F2DFE /* (null) in Sources */,
				D89FB7842BD97B660019DE3C /* FindUserNameRequestDto.swift in Sources */,
				D87CB0D22BC5A4BC00BD882A /* ResetPwView.swift in Sources */,
				4A0FFBF92BCDA1F600EFEC56 /* LinkAccountToOAuthRequestDto.swift in Sources */,
				4A1179A02BA9533D00A9CF4C /* FontExtensions.swift in Sources */,
				4A0FFBFB2BCDA74000EFEC56 /* EncodableExtension.swift in Sources */,
				4A8571422BC70E570082CE47 /* OAuthAccountLinkingViewModel.swift in Sources */,
				4A5789792BDC1DDE00AFEB26 /* NotAcceptableErrorCode.swift in Sources */,
				4A762B072B99A262001C1188 /* TokenHandler.swift in Sources */,
				4A058F092BD055F9004B6F89 /* ApiRequstHandler.swift in Sources */,
				D888329C2BBC612600F49B27 /* LoginFormView.swift in Sources */,
				4A69C1562BE69DEA00A27B82 /* Log.swift in Sources */,
				D8157E642BBEF2040083844B /* InputFormView.swift in Sources */,
				4A762B092B99A26C001C1188 /* TextExtensions.swift in Sources */,
				4AB5AB592BB5E93900D2C9EA /* SignUpFormView.swift in Sources */,
				4A4D884D2BD81A62009EADB0 /* KeychainHelper.swift in Sources */,
				4AB5AB572BB5E88C00D2C9EA /* RegistrationManager.swift in Sources */,
				4A762B0B2B99A27A001C1188 /* NavigationAvailable.swift in Sources */,
				4AD70E292BE015970058A52A /* ProfileSettingListView.swift in Sources */,
				4A762AED2B99A16B001C1188 /* pennyway_client_iOSApp.swift in Sources */,
				4A4703942BCEB21500AEE04E /* StatusError.swift in Sources */,
				D8880E192BCEBEE700922894 /* DynamicFontSize.swift in Sources */,
				D87CB0D62BC5B56600BD882A /* ResetPwFormView.swift in Sources */,
				4AB5AB502BB4A8CB00D2C9EA /* ApiStatusLogger.swift in Sources */,
				D88832982BBC60EC00F49B27 /* TextAutocapitalization.swift in Sources */,
				4A4703902BCEA4D700AEE04E /* LinkOAuthToAccountRequestDto.swift in Sources */,
				D88832A02BBC615100F49B27 /* ErrorCodeContentView.swift in Sources */,
				4A47038E2BCEA47600AEE04E /* OAuthVerificationRequestDto.swift in Sources */,
				4A0FFBF72BCDA18C00EFEC56 /* LoginRequestDto.swift in Sources */,
				D89FB7892BDA925F0019DE3C /* FindUserNameViewModel.swift in Sources */,
				4AB5AB522BB4A93500D2C9EA /* RequestLogger.swift in Sources */,
				4A4703962BCEB2E800AEE04E /* StatusCodeHandler.swift in Sources */,
				4A6E62D82BA6082100111246 /* SignUpView.swift in Sources */,
				4A4703B02BCF897300AEE04E /* ErrorResponseDto.swift in Sources */,
				4A47038C2BCEA43500AEE04E /* OAuthVerificationCodeRequestDto.swift in Sources */,
				4A5789932BDC29CA00AFEB26 /* NotAcceptableError.swift in Sources */,
				4A762B052B99A259001C1188 /* PhoneVerificationViewModel.swift in Sources */,
				4A57899B2BDC2A2500AFEB26 /* InternalServerError.swift in Sources */,
				D8880E202BCEED9B00922894 /* NavigationUtil.swift in Sources */,
				4A1179B52BA9C20900A9CF4C /* ErrorCodePopUpView.swift in Sources */,
				D8157E662BBEF2740083844B /* OauthButtonView.swift in Sources */,
				4A4703A92BCEE25000AEE04E /* SmsResponseDto.swift in Sources */,
				4ACE1FED2BBB149D00BB4F0A /* (null) in Sources */,
				4ACE1FEF2BBB1D9600BB4F0A /* TermsAndConditionsContentView.swift in Sources */,
				D8157E722BC19E5A0083844B /* PhoneNumberInputSectionView.swift in Sources */,
				4A8571442BC7C5EB0082CE47 /* OAuthSignUpViewModel.swift in Sources */,
				4AB5AB472BB4A32F00D2C9EA /* AuthAlamofire.swift in Sources */,
				4A5050332BC3DA7700EE5666 /* PhoneNumberFormatter.swift in Sources */,
				4A51D2AC2BB1855A0080083D /* CustomBottomButton.swift in Sources */,
				D8180C042BE5081F00F837FB /* FindIdContentView.swift in Sources */,
				4A1C59882BC51AAE00EA2B49 /* OAuthAlamofire.swift in Sources */,
				4AD70E222BE013C10058A52A /* ProfileMainView.swift in Sources */,
				4A4703922BCEA55500AEE04E /* OAuthSignUpRequestDto.swift in Sources */,
				4A5789812BDC1FF300AFEB26 /* InternalServerErrorCode.swift in Sources */,
				4A4A56782BACADBF0071D00E /* TermsAndConditionsView.swift in Sources */,
				4AB5AB4A2BB4A37600D2C9EA /* AuthRouter.swift in Sources */,
				4A058EFF2BD03E01004B6F89 /* AuthResponseDto.swift in Sources */,
				4A4703A72BCEDD9800AEE04E /* VerificationCodeRequestDto.swift in Sources */,
				4AC4FD0A2BBDCE080027ACD5 /* GoogleOAuthViewModel.swift in Sources */,
				4A57897F2BDC1F4E00AFEB26 /* UnprocessableContentErrorCode.swift in Sources */,
				4A0FFBF52BCDA16B00EFEC56 /* CheckDuplicateRequestDto.swift in Sources */,
				4A6E62D62BA5F7FC00111246 /* PhoneVerificationContentView.swift in Sources */,
				4A4703AB2BCEE52300AEE04E /* VerificationResponseDto.swift in Sources */,
				4A5789952BDC29E700AFEB26 /* ConflictError.swift in Sources */,
				D87CB0D42BC5A57D00BD882A /* CompleteChangePwView.swift in Sources */,
				4A6E62D62BA5F7FC00111246 /* PhoneVerificationContentView.swift in Sources */,
				D8180C062BE5083500F837FB /* FindIdPhoneVerificationView.swift in Sources */,
				4A0FFBF32BCDA13500EFEC56 /* VerificationRequestDto.swift in Sources */,
				4AD70E252BE0153F0058A52A /* ProfileUserInfoView.swift in Sources */,
				4A762B012B99A239001C1188 /* SplashView.swift in Sources */,
				4A47038A2BCEA3B700AEE04E /* OAuthLoginRequestDto.swift in Sources */,
				D8157E682BBEF4400083844B /* AdditionalOptionView.swift in Sources */,
				D87CB0D02BC5A47800BD882A /* FindPwView.swift in Sources */,
				4AB5AB552BB4AAF200D2C9EA /* BaseInterceptor.swift in Sources */,
				D888329A2BBC610300F49B27 /* AutoCorrectionExtensions.swift in Sources */,
				4AD70E272BE015500058A52A /* ProfileOAuthButtonView.swift in Sources */,
				4A4A56722BACA2250071D00E /* PhoneVerificationView.swift in Sources */,
				D8880E242BD17FD000922894 /* TapGestureRecognizer.swift in Sources */,
				4A5789772BDC1D5500AFEB26 /* MethodNotAllowedErrorCode.swift in Sources */,
				D80E6A0F2BB2A7F5009F2DFE /* AgreementSectionView.swift in Sources */,
				D89FB7822BD97A2F0019DE3C /* FindUserNameDtoResponseDto.swift in Sources */,
				4AC9488E2BC1AD8F008DBC1F /* OAuthRegistrationManager.swift in Sources */,
				D8180C002BE507E100F837FB /* FindIdView.swift in Sources */,
				4A4A567A2BADEFF90071D00E /* NavigationBackButton.swift in Sources */,
				4A57898B2BDC28F100AFEB26 /* UnauthorizedError.swift in Sources */,
				4AB5AB4E2BB4A60500D2C9EA /* URLRequestExtension.swift in Sources */,
				4A058F012BD046C1004B6F89 /* OAuthLoginViewModel.swift in Sources */,
				4AD70E1B2BE0109D0058A52A /* WelcomeView.swift in Sources */,
				4A85713A2BC6FFD30082CE47 /* NumberInputSectionView.swift in Sources */,
				4A1179802BA86AF400A9CF4C /* CustomInputView.swift in Sources */,
				4A5789732BDC1C0B00AFEB26 /* ForbiddenErrorCode.swift in Sources */,
				4A4703AE2BCEE5AF00AEE04E /* OAuthVerificationResponseDto.swift in Sources */,
			);
			runOnlyForDeploymentPostprocessing = 0;
		};
/* End PBXSourcesBuildPhase section */

/* Begin XCBuildConfiguration section */
		4A762AF52B99A16D001C1188 /* Debug */ = {
			isa = XCBuildConfiguration;
			baseConfigurationReference = 4A6ACA362BD3D09E00D0789F /* Secrets.xcconfig */;
			buildSettings = {
				ALWAYS_SEARCH_USER_PATHS = NO;
				ASSETCATALOG_COMPILER_GENERATE_SWIFT_ASSET_SYMBOL_EXTENSIONS = YES;
				CLANG_ANALYZER_NONNULL = YES;
				CLANG_ANALYZER_NUMBER_OBJECT_CONVERSION = YES_AGGRESSIVE;
				CLANG_CXX_LANGUAGE_STANDARD = "gnu++20";
				CLANG_ENABLE_MODULES = YES;
				CLANG_ENABLE_OBJC_ARC = YES;
				CLANG_ENABLE_OBJC_WEAK = YES;
				CLANG_WARN_BLOCK_CAPTURE_AUTORELEASING = YES;
				CLANG_WARN_BOOL_CONVERSION = YES;
				CLANG_WARN_COMMA = YES;
				CLANG_WARN_CONSTANT_CONVERSION = YES;
				CLANG_WARN_DEPRECATED_OBJC_IMPLEMENTATIONS = YES;
				CLANG_WARN_DIRECT_OBJC_ISA_USAGE = YES_ERROR;
				CLANG_WARN_DOCUMENTATION_COMMENTS = YES;
				CLANG_WARN_EMPTY_BODY = YES;
				CLANG_WARN_ENUM_CONVERSION = YES;
				CLANG_WARN_INFINITE_RECURSION = YES;
				CLANG_WARN_INT_CONVERSION = YES;
				CLANG_WARN_NON_LITERAL_NULL_CONVERSION = YES;
				CLANG_WARN_OBJC_IMPLICIT_RETAIN_SELF = YES;
				CLANG_WARN_OBJC_LITERAL_CONVERSION = YES;
				CLANG_WARN_OBJC_ROOT_CLASS = YES_ERROR;
				CLANG_WARN_QUOTED_INCLUDE_IN_FRAMEWORK_HEADER = YES;
				CLANG_WARN_RANGE_LOOP_ANALYSIS = YES;
				CLANG_WARN_STRICT_PROTOTYPES = YES;
				CLANG_WARN_SUSPICIOUS_MOVE = YES;
				CLANG_WARN_UNGUARDED_AVAILABILITY = YES_AGGRESSIVE;
				CLANG_WARN_UNREACHABLE_CODE = YES;
				CLANG_WARN__DUPLICATE_METHOD_MATCH = YES;
				COPY_PHASE_STRIP = NO;
				DEBUG_INFORMATION_FORMAT = dwarf;
				ENABLE_STRICT_OBJC_MSGSEND = YES;
				ENABLE_TESTABILITY = YES;
				ENABLE_USER_SCRIPT_SANDBOXING = NO;
				GCC_C_LANGUAGE_STANDARD = gnu17;
				GCC_DYNAMIC_NO_PIC = NO;
				GCC_NO_COMMON_BLOCKS = YES;
				GCC_OPTIMIZATION_LEVEL = 0;
				GCC_PREPROCESSOR_DEFINITIONS = (
					"DEBUG=1",
					"$(inherited)",
				);
				GCC_WARN_64_TO_32_BIT_CONVERSION = YES;
				GCC_WARN_ABOUT_RETURN_TYPE = YES_ERROR;
				GCC_WARN_UNDECLARED_SELECTOR = YES;
				GCC_WARN_UNINITIALIZED_AUTOS = YES_AGGRESSIVE;
				GCC_WARN_UNUSED_FUNCTION = YES;
				GCC_WARN_UNUSED_VARIABLE = YES;
				IPHONEOS_DEPLOYMENT_TARGET = 14.0;
				LOCALIZATION_PREFERS_STRING_CATALOGS = YES;
				MTL_ENABLE_DEBUG_INFO = INCLUDE_SOURCE;
				MTL_FAST_MATH = YES;
				ONLY_ACTIVE_ARCH = YES;
				SDKROOT = iphoneos;
				SWIFT_ACTIVE_COMPILATION_CONDITIONS = "DEBUG $(inherited)";
				SWIFT_OPTIMIZATION_LEVEL = "-Onone";
			};
			name = Debug;
		};
		4A762AF62B99A16D001C1188 /* Release */ = {
			isa = XCBuildConfiguration;
			baseConfigurationReference = 4A6ACA362BD3D09E00D0789F /* Secrets.xcconfig */;
			buildSettings = {
				ALWAYS_SEARCH_USER_PATHS = NO;
				ASSETCATALOG_COMPILER_GENERATE_SWIFT_ASSET_SYMBOL_EXTENSIONS = YES;
				CLANG_ANALYZER_NONNULL = YES;
				CLANG_ANALYZER_NUMBER_OBJECT_CONVERSION = YES_AGGRESSIVE;
				CLANG_CXX_LANGUAGE_STANDARD = "gnu++20";
				CLANG_ENABLE_MODULES = YES;
				CLANG_ENABLE_OBJC_ARC = YES;
				CLANG_ENABLE_OBJC_WEAK = YES;
				CLANG_WARN_BLOCK_CAPTURE_AUTORELEASING = YES;
				CLANG_WARN_BOOL_CONVERSION = YES;
				CLANG_WARN_COMMA = YES;
				CLANG_WARN_CONSTANT_CONVERSION = YES;
				CLANG_WARN_DEPRECATED_OBJC_IMPLEMENTATIONS = YES;
				CLANG_WARN_DIRECT_OBJC_ISA_USAGE = YES_ERROR;
				CLANG_WARN_DOCUMENTATION_COMMENTS = YES;
				CLANG_WARN_EMPTY_BODY = YES;
				CLANG_WARN_ENUM_CONVERSION = YES;
				CLANG_WARN_INFINITE_RECURSION = YES;
				CLANG_WARN_INT_CONVERSION = YES;
				CLANG_WARN_NON_LITERAL_NULL_CONVERSION = YES;
				CLANG_WARN_OBJC_IMPLICIT_RETAIN_SELF = YES;
				CLANG_WARN_OBJC_LITERAL_CONVERSION = YES;
				CLANG_WARN_OBJC_ROOT_CLASS = YES_ERROR;
				CLANG_WARN_QUOTED_INCLUDE_IN_FRAMEWORK_HEADER = YES;
				CLANG_WARN_RANGE_LOOP_ANALYSIS = YES;
				CLANG_WARN_STRICT_PROTOTYPES = YES;
				CLANG_WARN_SUSPICIOUS_MOVE = YES;
				CLANG_WARN_UNGUARDED_AVAILABILITY = YES_AGGRESSIVE;
				CLANG_WARN_UNREACHABLE_CODE = YES;
				CLANG_WARN__DUPLICATE_METHOD_MATCH = YES;
				COPY_PHASE_STRIP = NO;
				DEBUG_INFORMATION_FORMAT = "dwarf-with-dsym";
				ENABLE_NS_ASSERTIONS = NO;
				ENABLE_STRICT_OBJC_MSGSEND = YES;
				ENABLE_USER_SCRIPT_SANDBOXING = NO;
				GCC_C_LANGUAGE_STANDARD = gnu17;
				GCC_NO_COMMON_BLOCKS = YES;
				GCC_WARN_64_TO_32_BIT_CONVERSION = YES;
				GCC_WARN_ABOUT_RETURN_TYPE = YES_ERROR;
				GCC_WARN_UNDECLARED_SELECTOR = YES;
				GCC_WARN_UNINITIALIZED_AUTOS = YES_AGGRESSIVE;
				GCC_WARN_UNUSED_FUNCTION = YES;
				GCC_WARN_UNUSED_VARIABLE = YES;
				IPHONEOS_DEPLOYMENT_TARGET = 14.0;
				LOCALIZATION_PREFERS_STRING_CATALOGS = YES;
				MTL_ENABLE_DEBUG_INFO = NO;
				MTL_FAST_MATH = YES;
				SDKROOT = iphoneos;
				SWIFT_COMPILATION_MODE = wholemodule;
				VALIDATE_PRODUCT = YES;
			};
			name = Release;
		};
		4A762AF82B99A16D001C1188 /* Debug */ = {
			isa = XCBuildConfiguration;
			baseConfigurationReference = 01648F6A2404D638E6615EDB /* Pods-pennyway-client-iOS.debug.xcconfig */;
			buildSettings = {
				ASSETCATALOG_COMPILER_APPICON_NAME = AppIcon;
				ASSETCATALOG_COMPILER_GLOBAL_ACCENT_COLOR_NAME = AccentColor;
				CODE_SIGN_ENTITLEMENTS = "pennyway-client-iOS/pennyway-client-iOS.entitlements";
				CODE_SIGN_IDENTITY = "Apple Development";
				"CODE_SIGN_IDENTITY[sdk=iphoneos*]" = "iPhone Developer";
				CODE_SIGN_STYLE = Manual;
				CURRENT_PROJECT_VERSION = 1;
				DEVELOPMENT_ASSET_PATHS = "\"pennyway-client-iOS/Preview Content\"";
				DEVELOPMENT_TEAM = "";
				"DEVELOPMENT_TEAM[sdk=iphoneos*]" = Q8UK3SWSPM;
				ENABLE_PREVIEWS = YES;
				GENERATE_INFOPLIST_FILE = YES;
				INFOPLIST_FILE = "pennyway-client-iOS/Info.plist";
				INFOPLIST_KEY_UIApplicationSceneManifest_Generation = YES;
				INFOPLIST_KEY_UIApplicationSupportsIndirectInputEvents = YES;
				INFOPLIST_KEY_UILaunchScreen_Generation = YES;
				INFOPLIST_KEY_UISupportedInterfaceOrientations_iPad = "UIInterfaceOrientationPortrait UIInterfaceOrientationPortraitUpsideDown UIInterfaceOrientationLandscapeLeft UIInterfaceOrientationLandscapeRight";
				INFOPLIST_KEY_UISupportedInterfaceOrientations_iPhone = "UIInterfaceOrientationPortrait UIInterfaceOrientationLandscapeLeft UIInterfaceOrientationLandscapeRight";
				IPHONEOS_DEPLOYMENT_TARGET = 14.0;
				LD_RUNPATH_SEARCH_PATHS = (
					"$(inherited)",
					"@executable_path/Frameworks",
				);
				MARKETING_VERSION = 1.0;
				PRODUCT_BUNDLE_IDENTIFIER = kr.co.pennyway.iOS;
				PRODUCT_NAME = "$(TARGET_NAME)";
				PROVISIONING_PROFILE_SPECIFIER = "";
				"PROVISIONING_PROFILE_SPECIFIER[sdk=iphoneos*]" = Pennyway;
				SWIFT_EMIT_LOC_STRINGS = YES;
				SWIFT_VERSION = 5.0;
				TARGETED_DEVICE_FAMILY = "1,2";
			};
			name = Debug;
		};
		4A762AF92B99A16D001C1188 /* Release */ = {
			isa = XCBuildConfiguration;
			baseConfigurationReference = 5C86BC7DF91F1ADD72E96E7F /* Pods-pennyway-client-iOS.release.xcconfig */;
			buildSettings = {
				ASSETCATALOG_COMPILER_APPICON_NAME = AppIcon;
				ASSETCATALOG_COMPILER_GLOBAL_ACCENT_COLOR_NAME = AccentColor;
				CODE_SIGN_ENTITLEMENTS = "pennyway-client-iOS/pennyway-client-iOS.entitlements";
				CODE_SIGN_IDENTITY = "Apple Development";
				"CODE_SIGN_IDENTITY[sdk=iphoneos*]" = "iPhone Distribution";
				CODE_SIGN_STYLE = Manual;
				CURRENT_PROJECT_VERSION = 1;
				DEVELOPMENT_ASSET_PATHS = "\"pennyway-client-iOS/Preview Content\"";
				DEVELOPMENT_TEAM = "";
				"DEVELOPMENT_TEAM[sdk=iphoneos*]" = Q8UK3SWSPM;
				ENABLE_PREVIEWS = YES;
				GENERATE_INFOPLIST_FILE = YES;
				INFOPLIST_FILE = "pennyway-client-iOS/Info.plist";
				INFOPLIST_KEY_UIApplicationSceneManifest_Generation = YES;
				INFOPLIST_KEY_UIApplicationSupportsIndirectInputEvents = YES;
				INFOPLIST_KEY_UILaunchScreen_Generation = YES;
				INFOPLIST_KEY_UISupportedInterfaceOrientations_iPad = "UIInterfaceOrientationPortrait UIInterfaceOrientationPortraitUpsideDown UIInterfaceOrientationLandscapeLeft UIInterfaceOrientationLandscapeRight";
				INFOPLIST_KEY_UISupportedInterfaceOrientations_iPhone = "UIInterfaceOrientationPortrait UIInterfaceOrientationLandscapeLeft UIInterfaceOrientationLandscapeRight";
				IPHONEOS_DEPLOYMENT_TARGET = 14.0;
				LD_RUNPATH_SEARCH_PATHS = (
					"$(inherited)",
					"@executable_path/Frameworks",
				);
				MARKETING_VERSION = 1.0;
				PRODUCT_BUNDLE_IDENTIFIER = kr.co.pennyway.iOS;
				PRODUCT_NAME = "$(TARGET_NAME)";
				PROVISIONING_PROFILE_SPECIFIER = "";
				"PROVISIONING_PROFILE_SPECIFIER[sdk=iphoneos*]" = "Pennyway Release";
				SWIFT_EMIT_LOC_STRINGS = YES;
				SWIFT_VERSION = 5.0;
				TARGETED_DEVICE_FAMILY = "1,2";
			};
			name = Release;
		};
/* End XCBuildConfiguration section */

/* Begin XCConfigurationList section */
		4A762AE42B99A16B001C1188 /* Build configuration list for PBXProject "pennyway-client-iOS" */ = {
			isa = XCConfigurationList;
			buildConfigurations = (
				4A762AF52B99A16D001C1188 /* Debug */,
				4A762AF62B99A16D001C1188 /* Release */,
			);
			defaultConfigurationIsVisible = 0;
			defaultConfigurationName = Release;
		};
		4A762AF72B99A16D001C1188 /* Build configuration list for PBXNativeTarget "pennyway-client-iOS" */ = {
			isa = XCConfigurationList;
			buildConfigurations = (
				4A762AF82B99A16D001C1188 /* Debug */,
				4A762AF92B99A16D001C1188 /* Release */,
			);
			defaultConfigurationIsVisible = 0;
			defaultConfigurationName = Release;
		};
/* End XCConfigurationList section */
	};
	rootObject = 4A762AE12B99A16B001C1188 /* Project object */;
}
