// !$*UTF8*$!
{
	archiveVersion = 1;
	classes = {
	};
	objectVersion = 56;
	objects = {

/* Begin PBXBuildFile section */
		4A1179802BA86AF400A9CF4C /* CustomInputView.swift in Sources */ = {isa = PBXBuildFile; fileRef = 4A11797F2BA86AF400A9CF4C /* CustomInputView.swift */; };
		4A1179A02BA9533D00A9CF4C /* FontExtensions.swift in Sources */ = {isa = PBXBuildFile; fileRef = 4A11799F2BA9533D00A9CF4C /* FontExtensions.swift */; };
		4A1179AA2BA9572F00A9CF4C /* Pretendard-ExtraBold.otf in Resources */ = {isa = PBXBuildFile; fileRef = 4A1179A12BA9572F00A9CF4C /* Pretendard-ExtraBold.otf */; };
		4A1179AB2BA9572F00A9CF4C /* Pretendard-ExtraLight.otf in Resources */ = {isa = PBXBuildFile; fileRef = 4A1179A22BA9572F00A9CF4C /* Pretendard-ExtraLight.otf */; };
		4A1179AC2BA9572F00A9CF4C /* Pretendard-Thin.otf in Resources */ = {isa = PBXBuildFile; fileRef = 4A1179A32BA9572F00A9CF4C /* Pretendard-Thin.otf */; };
		4A1179AD2BA9572F00A9CF4C /* Pretendard-Regular.otf in Resources */ = {isa = PBXBuildFile; fileRef = 4A1179A42BA9572F00A9CF4C /* Pretendard-Regular.otf */; };
		4A1179AE2BA9572F00A9CF4C /* Pretendard-Black.otf in Resources */ = {isa = PBXBuildFile; fileRef = 4A1179A52BA9572F00A9CF4C /* Pretendard-Black.otf */; };
		4A1179AF2BA9572F00A9CF4C /* Pretendard-SemiBold.otf in Resources */ = {isa = PBXBuildFile; fileRef = 4A1179A62BA9572F00A9CF4C /* Pretendard-SemiBold.otf */; };
		4A1179B02BA9572F00A9CF4C /* Pretendard-Bold.otf in Resources */ = {isa = PBXBuildFile; fileRef = 4A1179A72BA9572F00A9CF4C /* Pretendard-Bold.otf */; };
		4A1179B12BA9572F00A9CF4C /* Pretendard-Medium.otf in Resources */ = {isa = PBXBuildFile; fileRef = 4A1179A82BA9572F00A9CF4C /* Pretendard-Medium.otf */; };
		4A1179B22BA9572F00A9CF4C /* Pretendard-Light.otf in Resources */ = {isa = PBXBuildFile; fileRef = 4A1179A92BA9572F00A9CF4C /* Pretendard-Light.otf */; };
		4A6E62D62BA5F7FC00111246 /* NumberVerificationView.swift in Sources */ = {isa = PBXBuildFile; fileRef = 4A6E62D52BA5F7FC00111246 /* NumberVerificationView.swift */; };
		4A6E62D82BA6082100111246 /* SignUpView.swift in Sources */ = {isa = PBXBuildFile; fileRef = 4A6E62D72BA6082100111246 /* SignUpView.swift */; };
		4A762AED2B99A16B001C1188 /* pennyway_client_iOSApp.swift in Sources */ = {isa = PBXBuildFile; fileRef = 4A762AEC2B99A16B001C1188 /* pennyway_client_iOSApp.swift */; };
		4A762AEF2B99A16B001C1188 /* LoginView.swift in Sources */ = {isa = PBXBuildFile; fileRef = 4A762AEE2B99A16B001C1188 /* LoginView.swift */; };
		4A762AF12B99A16D001C1188 /* Assets.xcassets in Resources */ = {isa = PBXBuildFile; fileRef = 4A762AF02B99A16D001C1188 /* Assets.xcassets */; };
		4A762AF42B99A16D001C1188 /* Preview Assets.xcassets in Resources */ = {isa = PBXBuildFile; fileRef = 4A762AF32B99A16D001C1188 /* Preview Assets.xcassets */; };
		4A762B012B99A239001C1188 /* SplashView.swift in Sources */ = {isa = PBXBuildFile; fileRef = 4A762B002B99A239001C1188 /* SplashView.swift */; };
		4A762B032B99A246001C1188 /* model_ex_file.swift in Sources */ = {isa = PBXBuildFile; fileRef = 4A762B022B99A246001C1188 /* model_ex_file.swift */; };
		4A762B052B99A259001C1188 /* viewmodel_ex_file.swift in Sources */ = {isa = PBXBuildFile; fileRef = 4A762B042B99A259001C1188 /* viewmodel_ex_file.swift */; };
		4A762B072B99A262001C1188 /* api_ex_file.swift in Sources */ = {isa = PBXBuildFile; fileRef = 4A762B062B99A262001C1188 /* api_ex_file.swift */; };
		4A762B092B99A26C001C1188 /* TextExtensions.swift in Sources */ = {isa = PBXBuildFile; fileRef = 4A762B082B99A26C001C1188 /* TextExtensions.swift */; };
		4A762B0B2B99A27A001C1188 /* NavigationAvailable.swift in Sources */ = {isa = PBXBuildFile; fileRef = 4A762B0A2B99A27A001C1188 /* NavigationAvailable.swift */; };
/* End PBXBuildFile section */

/* Begin PBXFileReference section */
		4A11797F2BA86AF400A9CF4C /* CustomInputView.swift */ = {isa = PBXFileReference; lastKnownFileType = sourcecode.swift; path = CustomInputView.swift; sourceTree = "<group>"; };
		4A11799F2BA9533D00A9CF4C /* FontExtensions.swift */ = {isa = PBXFileReference; lastKnownFileType = sourcecode.swift; path = FontExtensions.swift; sourceTree = "<group>"; };
		4A1179A12BA9572F00A9CF4C /* Pretendard-ExtraBold.otf */ = {isa = PBXFileReference; lastKnownFileType = file; path = "Pretendard-ExtraBold.otf"; sourceTree = "<group>"; };
		4A1179A22BA9572F00A9CF4C /* Pretendard-ExtraLight.otf */ = {isa = PBXFileReference; lastKnownFileType = file; path = "Pretendard-ExtraLight.otf"; sourceTree = "<group>"; };
		4A1179A32BA9572F00A9CF4C /* Pretendard-Thin.otf */ = {isa = PBXFileReference; lastKnownFileType = file; path = "Pretendard-Thin.otf"; sourceTree = "<group>"; };
		4A1179A42BA9572F00A9CF4C /* Pretendard-Regular.otf */ = {isa = PBXFileReference; lastKnownFileType = file; path = "Pretendard-Regular.otf"; sourceTree = "<group>"; };
		4A1179A52BA9572F00A9CF4C /* Pretendard-Black.otf */ = {isa = PBXFileReference; lastKnownFileType = file; path = "Pretendard-Black.otf"; sourceTree = "<group>"; };
		4A1179A62BA9572F00A9CF4C /* Pretendard-SemiBold.otf */ = {isa = PBXFileReference; lastKnownFileType = file; path = "Pretendard-SemiBold.otf"; sourceTree = "<group>"; };
		4A1179A72BA9572F00A9CF4C /* Pretendard-Bold.otf */ = {isa = PBXFileReference; lastKnownFileType = file; path = "Pretendard-Bold.otf"; sourceTree = "<group>"; };
		4A1179A82BA9572F00A9CF4C /* Pretendard-Medium.otf */ = {isa = PBXFileReference; lastKnownFileType = file; path = "Pretendard-Medium.otf"; sourceTree = "<group>"; };
		4A1179A92BA9572F00A9CF4C /* Pretendard-Light.otf */ = {isa = PBXFileReference; lastKnownFileType = file; path = "Pretendard-Light.otf"; sourceTree = "<group>"; };
		4A1179B32BA958ED00A9CF4C /* Info.plist */ = {isa = PBXFileReference; lastKnownFileType = text.plist; path = Info.plist; sourceTree = "<group>"; };
		4A6E62D32BA18F9B00111246 /* pennyway-client-iOS.entitlements */ = {isa = PBXFileReference; lastKnownFileType = text.plist.entitlements; path = "pennyway-client-iOS.entitlements"; sourceTree = "<group>"; };
		4A6E62D52BA5F7FC00111246 /* NumberVerificationView.swift */ = {isa = PBXFileReference; lastKnownFileType = sourcecode.swift; path = NumberVerificationView.swift; sourceTree = "<group>"; };
		4A6E62D72BA6082100111246 /* SignUpView.swift */ = {isa = PBXFileReference; lastKnownFileType = sourcecode.swift; path = SignUpView.swift; sourceTree = "<group>"; };
		4A762AE92B99A16B001C1188 /* pennyway-client-iOS.app */ = {isa = PBXFileReference; explicitFileType = wrapper.application; includeInIndex = 0; path = "pennyway-client-iOS.app"; sourceTree = BUILT_PRODUCTS_DIR; };
		4A762AEC2B99A16B001C1188 /* pennyway_client_iOSApp.swift */ = {isa = PBXFileReference; lastKnownFileType = sourcecode.swift; path = pennyway_client_iOSApp.swift; sourceTree = "<group>"; };
		4A762AEE2B99A16B001C1188 /* LoginView.swift */ = {isa = PBXFileReference; lastKnownFileType = sourcecode.swift; path = LoginView.swift; sourceTree = "<group>"; };
		4A762AF02B99A16D001C1188 /* Assets.xcassets */ = {isa = PBXFileReference; lastKnownFileType = folder.assetcatalog; path = Assets.xcassets; sourceTree = "<group>"; };
		4A762AF32B99A16D001C1188 /* Preview Assets.xcassets */ = {isa = PBXFileReference; lastKnownFileType = folder.assetcatalog; path = "Preview Assets.xcassets"; sourceTree = "<group>"; };
		4A762B002B99A239001C1188 /* SplashView.swift */ = {isa = PBXFileReference; lastKnownFileType = sourcecode.swift; path = SplashView.swift; sourceTree = "<group>"; };
		4A762B022B99A246001C1188 /* model_ex_file.swift */ = {isa = PBXFileReference; lastKnownFileType = sourcecode.swift; path = model_ex_file.swift; sourceTree = "<group>"; };
		4A762B042B99A259001C1188 /* viewmodel_ex_file.swift */ = {isa = PBXFileReference; lastKnownFileType = sourcecode.swift; path = viewmodel_ex_file.swift; sourceTree = "<group>"; };
		4A762B062B99A262001C1188 /* api_ex_file.swift */ = {isa = PBXFileReference; lastKnownFileType = sourcecode.swift; path = api_ex_file.swift; sourceTree = "<group>"; };
		4A762B082B99A26C001C1188 /* TextExtensions.swift */ = {isa = PBXFileReference; lastKnownFileType = sourcecode.swift; path = TextExtensions.swift; sourceTree = "<group>"; };
		4A762B0A2B99A27A001C1188 /* NavigationAvailable.swift */ = {isa = PBXFileReference; lastKnownFileType = sourcecode.swift; path = NavigationAvailable.swift; sourceTree = "<group>"; };
/* End PBXFileReference section */

/* Begin PBXFrameworksBuildPhase section */
		4A762AE62B99A16B001C1188 /* Frameworks */ = {
			isa = PBXFrameworksBuildPhase;
			buildActionMask = 2147483647;
			files = (
			);
			runOnlyForDeploymentPostprocessing = 0;
		};
/* End PBXFrameworksBuildPhase section */

/* Begin PBXGroup section */
		4A1179812BA86D6C00A9CF4C /* CustomView */ = {
			isa = PBXGroup;
			children = (
				4A11797F2BA86AF400A9CF4C /* CustomInputView.swift */,
			);
			path = CustomView;
			sourceTree = "<group>";
		};
		4A1179822BA9522D00A9CF4C /* Resource */ = {
			isa = PBXGroup;
			children = (
				4A1179832BA9524400A9CF4C /* Fonts */,
			);
			path = Resource;
			sourceTree = "<group>";
		};
		4A1179832BA9524400A9CF4C /* Fonts */ = {
			isa = PBXGroup;
			children = (
				4A1179A52BA9572F00A9CF4C /* Pretendard-Black.otf */,
				4A1179A72BA9572F00A9CF4C /* Pretendard-Bold.otf */,
				4A1179A12BA9572F00A9CF4C /* Pretendard-ExtraBold.otf */,
				4A1179A22BA9572F00A9CF4C /* Pretendard-ExtraLight.otf */,
				4A1179A92BA9572F00A9CF4C /* Pretendard-Light.otf */,
				4A1179A82BA9572F00A9CF4C /* Pretendard-Medium.otf */,
				4A1179A42BA9572F00A9CF4C /* Pretendard-Regular.otf */,
				4A1179A62BA9572F00A9CF4C /* Pretendard-SemiBold.otf */,
				4A1179A32BA9572F00A9CF4C /* Pretendard-Thin.otf */,
			);
			path = Fonts;
			sourceTree = "<group>";
		};
		4A6E62D42BA5F7CC00111246 /* SignUpView */ = {
			isa = PBXGroup;
			children = (
				4A6E62D52BA5F7FC00111246 /* NumberVerificationView.swift */,
				4A6E62D72BA6082100111246 /* SignUpView.swift */,
			);
			path = SignUpView;
			sourceTree = "<group>";
		};
		4A762AE02B99A16B001C1188 = {
			isa = PBXGroup;
			children = (
				4A762AEB2B99A16B001C1188 /* pennyway-client-iOS */,
				4A762AEA2B99A16B001C1188 /* Products */,
			);
			sourceTree = "<group>";
		};
		4A762AEA2B99A16B001C1188 /* Products */ = {
			isa = PBXGroup;
			children = (
				4A762AE92B99A16B001C1188 /* pennyway-client-iOS.app */,
			);
			name = Products;
			sourceTree = "<group>";
		};
		4A762AEB2B99A16B001C1188 /* pennyway-client-iOS */ = {
			isa = PBXGroup;
			children = (
				4A1179B32BA958ED00A9CF4C /* Info.plist */,
				4A1179822BA9522D00A9CF4C /* Resource */,
				4A6E62D32BA18F9B00111246 /* pennyway-client-iOS.entitlements */,
				4A762AFF2B99A1DF001C1188 /* Utils */,
				4A762AFE2B99A1D7001C1188 /* Extension */,
				4A762AFD2B99A1D1001C1188 /* API */,
				4A762AFC2B99A1CB001C1188 /* ViewModel */,
				4A762AFB2B99A1C4001C1188 /* View */,
				4A762AFA2B99A1A5001C1188 /* Model */,
				4A762AEC2B99A16B001C1188 /* pennyway_client_iOSApp.swift */,
				4A762AF02B99A16D001C1188 /* Assets.xcassets */,
				4A762AF22B99A16D001C1188 /* Preview Content */,
			);
			path = "pennyway-client-iOS";
			sourceTree = "<group>";
		};
		4A762AF22B99A16D001C1188 /* Preview Content */ = {
			isa = PBXGroup;
			children = (
				4A762AF32B99A16D001C1188 /* Preview Assets.xcassets */,
			);
			path = "Preview Content";
			sourceTree = "<group>";
		};
		4A762AFA2B99A1A5001C1188 /* Model */ = {
			isa = PBXGroup;
			children = (
				4A762B022B99A246001C1188 /* model_ex_file.swift */,
			);
			path = Model;
			sourceTree = "<group>";
		};
		4A762AFB2B99A1C4001C1188 /* View */ = {
			isa = PBXGroup;
			children = (
				4A1179812BA86D6C00A9CF4C /* CustomView */,
				4A6E62D42BA5F7CC00111246 /* SignUpView */,
				4A762B002B99A239001C1188 /* SplashView.swift */,
				4A762AEE2B99A16B001C1188 /* LoginView.swift */,
			);
			path = View;
			sourceTree = "<group>";
		};
		4A762AFC2B99A1CB001C1188 /* ViewModel */ = {
			isa = PBXGroup;
			children = (
				4A762B042B99A259001C1188 /* viewmodel_ex_file.swift */,
			);
			path = ViewModel;
			sourceTree = "<group>";
		};
		4A762AFD2B99A1D1001C1188 /* API */ = {
			isa = PBXGroup;
			children = (
				4A762B062B99A262001C1188 /* api_ex_file.swift */,
			);
			path = API;
			sourceTree = "<group>";
		};
		4A762AFE2B99A1D7001C1188 /* Extension */ = {
			isa = PBXGroup;
			children = (
				4A762B082B99A26C001C1188 /* TextExtensions.swift */,
				4A11799F2BA9533D00A9CF4C /* FontExtensions.swift */,
			);
			path = Extension;
			sourceTree = "<group>";
		};
		4A762AFF2B99A1DF001C1188 /* Utils */ = {
			isa = PBXGroup;
			children = (
				4A762B0A2B99A27A001C1188 /* NavigationAvailable.swift */,
			);
			path = Utils;
			sourceTree = "<group>";
		};
/* End PBXGroup section */

/* Begin PBXNativeTarget section */
		4A762AE82B99A16B001C1188 /* pennyway-client-iOS */ = {
			isa = PBXNativeTarget;
			buildConfigurationList = 4A762AF72B99A16D001C1188 /* Build configuration list for PBXNativeTarget "pennyway-client-iOS" */;
			buildPhases = (
				4A762AE52B99A16B001C1188 /* Sources */,
				4A762AE62B99A16B001C1188 /* Frameworks */,
				4A762AE72B99A16B001C1188 /* Resources */,
			);
			buildRules = (
			);
			dependencies = (
			);
			name = "pennyway-client-iOS";
			productName = "pennyway-client-iOS";
			productReference = 4A762AE92B99A16B001C1188 /* pennyway-client-iOS.app */;
			productType = "com.apple.product-type.application";
		};
/* End PBXNativeTarget section */

/* Begin PBXProject section */
		4A762AE12B99A16B001C1188 /* Project object */ = {
			isa = PBXProject;
			attributes = {
				BuildIndependentTargetsInParallel = 1;
				LastSwiftUpdateCheck = 1520;
				LastUpgradeCheck = 1520;
				TargetAttributes = {
					4A762AE82B99A16B001C1188 = {
						CreatedOnToolsVersion = 15.2;
					};
				};
			};
			buildConfigurationList = 4A762AE42B99A16B001C1188 /* Build configuration list for PBXProject "pennyway-client-iOS" */;
			compatibilityVersion = "Xcode 14.0";
			developmentRegion = en;
			hasScannedForEncodings = 0;
			knownRegions = (
				en,
				Base,
			);
			mainGroup = 4A762AE02B99A16B001C1188;
			productRefGroup = 4A762AEA2B99A16B001C1188 /* Products */;
			projectDirPath = "";
			projectRoot = "";
			targets = (
				4A762AE82B99A16B001C1188 /* pennyway-client-iOS */,
			);
		};
/* End PBXProject section */

/* Begin PBXResourcesBuildPhase section */
		4A762AE72B99A16B001C1188 /* Resources */ = {
			isa = PBXResourcesBuildPhase;
			buildActionMask = 2147483647;
			files = (
				4A762AF42B99A16D001C1188 /* Preview Assets.xcassets in Resources */,
				4A1179B12BA9572F00A9CF4C /* Pretendard-Medium.otf in Resources */,
				4A1179AD2BA9572F00A9CF4C /* Pretendard-Regular.otf in Resources */,
				4A1179AC2BA9572F00A9CF4C /* Pretendard-Thin.otf in Resources */,
				4A1179AF2BA9572F00A9CF4C /* Pretendard-SemiBold.otf in Resources */,
				4A1179B22BA9572F00A9CF4C /* Pretendard-Light.otf in Resources */,
				4A762AF12B99A16D001C1188 /* Assets.xcassets in Resources */,
				4A1179AB2BA9572F00A9CF4C /* Pretendard-ExtraLight.otf in Resources */,
				4A1179AE2BA9572F00A9CF4C /* Pretendard-Black.otf in Resources */,
				4A1179B02BA9572F00A9CF4C /* Pretendard-Bold.otf in Resources */,
				4A1179AA2BA9572F00A9CF4C /* Pretendard-ExtraBold.otf in Resources */,
			);
			runOnlyForDeploymentPostprocessing = 0;
		};
/* End PBXResourcesBuildPhase section */

/* Begin PBXSourcesBuildPhase section */
		4A762AE52B99A16B001C1188 /* Sources */ = {
			isa = PBXSourcesBuildPhase;
			buildActionMask = 2147483647;
			files = (
				4A762B032B99A246001C1188 /* model_ex_file.swift in Sources */,
				4A762AEF2B99A16B001C1188 /* LoginView.swift in Sources */,
				4A1179A02BA9533D00A9CF4C /* FontExtensions.swift in Sources */,
				4A762B072B99A262001C1188 /* api_ex_file.swift in Sources */,
				4A762B092B99A26C001C1188 /* TextExtensions.swift in Sources */,
				4A762B0B2B99A27A001C1188 /* NavigationAvailable.swift in Sources */,
				4A762AED2B99A16B001C1188 /* pennyway_client_iOSApp.swift in Sources */,
				4A6E62D82BA6082100111246 /* SignUpView.swift in Sources */,
				4A762B052B99A259001C1188 /* viewmodel_ex_file.swift in Sources */,
				4A6E62D62BA5F7FC00111246 /* NumberVerificationView.swift in Sources */,
				4A762B012B99A239001C1188 /* SplashView.swift in Sources */,
				4A1179802BA86AF400A9CF4C /* CustomInputView.swift in Sources */,
			);
			runOnlyForDeploymentPostprocessing = 0;
		};
/* End PBXSourcesBuildPhase section */

/* Begin XCBuildConfiguration section */
		4A762AF52B99A16D001C1188 /* Debug */ = {
			isa = XCBuildConfiguration;
			buildSettings = {
				ALWAYS_SEARCH_USER_PATHS = NO;
				ASSETCATALOG_COMPILER_GENERATE_SWIFT_ASSET_SYMBOL_EXTENSIONS = YES;
				CLANG_ANALYZER_NONNULL = YES;
				CLANG_ANALYZER_NUMBER_OBJECT_CONVERSION = YES_AGGRESSIVE;
				CLANG_CXX_LANGUAGE_STANDARD = "gnu++20";
				CLANG_ENABLE_MODULES = YES;
				CLANG_ENABLE_OBJC_ARC = YES;
				CLANG_ENABLE_OBJC_WEAK = YES;
				CLANG_WARN_BLOCK_CAPTURE_AUTORELEASING = YES;
				CLANG_WARN_BOOL_CONVERSION = YES;
				CLANG_WARN_COMMA = YES;
				CLANG_WARN_CONSTANT_CONVERSION = YES;
				CLANG_WARN_DEPRECATED_OBJC_IMPLEMENTATIONS = YES;
				CLANG_WARN_DIRECT_OBJC_ISA_USAGE = YES_ERROR;
				CLANG_WARN_DOCUMENTATION_COMMENTS = YES;
				CLANG_WARN_EMPTY_BODY = YES;
				CLANG_WARN_ENUM_CONVERSION = YES;
				CLANG_WARN_INFINITE_RECURSION = YES;
				CLANG_WARN_INT_CONVERSION = YES;
				CLANG_WARN_NON_LITERAL_NULL_CONVERSION = YES;
				CLANG_WARN_OBJC_IMPLICIT_RETAIN_SELF = YES;
				CLANG_WARN_OBJC_LITERAL_CONVERSION = YES;
				CLANG_WARN_OBJC_ROOT_CLASS = YES_ERROR;
				CLANG_WARN_QUOTED_INCLUDE_IN_FRAMEWORK_HEADER = YES;
				CLANG_WARN_RANGE_LOOP_ANALYSIS = YES;
				CLANG_WARN_STRICT_PROTOTYPES = YES;
				CLANG_WARN_SUSPICIOUS_MOVE = YES;
				CLANG_WARN_UNGUARDED_AVAILABILITY = YES_AGGRESSIVE;
				CLANG_WARN_UNREACHABLE_CODE = YES;
				CLANG_WARN__DUPLICATE_METHOD_MATCH = YES;
				COPY_PHASE_STRIP = NO;
				DEBUG_INFORMATION_FORMAT = dwarf;
				ENABLE_STRICT_OBJC_MSGSEND = YES;
				ENABLE_TESTABILITY = YES;
				ENABLE_USER_SCRIPT_SANDBOXING = YES;
				GCC_C_LANGUAGE_STANDARD = gnu17;
				GCC_DYNAMIC_NO_PIC = NO;
				GCC_NO_COMMON_BLOCKS = YES;
				GCC_OPTIMIZATION_LEVEL = 0;
				GCC_PREPROCESSOR_DEFINITIONS = (
					"DEBUG=1",
					"$(inherited)",
				);
				GCC_WARN_64_TO_32_BIT_CONVERSION = YES;
				GCC_WARN_ABOUT_RETURN_TYPE = YES_ERROR;
				GCC_WARN_UNDECLARED_SELECTOR = YES;
				GCC_WARN_UNINITIALIZED_AUTOS = YES_AGGRESSIVE;
				GCC_WARN_UNUSED_FUNCTION = YES;
				GCC_WARN_UNUSED_VARIABLE = YES;
				IPHONEOS_DEPLOYMENT_TARGET = 14.0;
				LOCALIZATION_PREFERS_STRING_CATALOGS = YES;
				MTL_ENABLE_DEBUG_INFO = INCLUDE_SOURCE;
				MTL_FAST_MATH = YES;
				ONLY_ACTIVE_ARCH = YES;
				SDKROOT = iphoneos;
				SWIFT_ACTIVE_COMPILATION_CONDITIONS = "DEBUG $(inherited)";
				SWIFT_OPTIMIZATION_LEVEL = "-Onone";
			};
			name = Debug;
		};
		4A762AF62B99A16D001C1188 /* Release */ = {
			isa = XCBuildConfiguration;
			buildSettings = {
				ALWAYS_SEARCH_USER_PATHS = NO;
				ASSETCATALOG_COMPILER_GENERATE_SWIFT_ASSET_SYMBOL_EXTENSIONS = YES;
				CLANG_ANALYZER_NONNULL = YES;
				CLANG_ANALYZER_NUMBER_OBJECT_CONVERSION = YES_AGGRESSIVE;
				CLANG_CXX_LANGUAGE_STANDARD = "gnu++20";
				CLANG_ENABLE_MODULES = YES;
				CLANG_ENABLE_OBJC_ARC = YES;
				CLANG_ENABLE_OBJC_WEAK = YES;
				CLANG_WARN_BLOCK_CAPTURE_AUTORELEASING = YES;
				CLANG_WARN_BOOL_CONVERSION = YES;
				CLANG_WARN_COMMA = YES;
				CLANG_WARN_CONSTANT_CONVERSION = YES;
				CLANG_WARN_DEPRECATED_OBJC_IMPLEMENTATIONS = YES;
				CLANG_WARN_DIRECT_OBJC_ISA_USAGE = YES_ERROR;
				CLANG_WARN_DOCUMENTATION_COMMENTS = YES;
				CLANG_WARN_EMPTY_BODY = YES;
				CLANG_WARN_ENUM_CONVERSION = YES;
				CLANG_WARN_INFINITE_RECURSION = YES;
				CLANG_WARN_INT_CONVERSION = YES;
				CLANG_WARN_NON_LITERAL_NULL_CONVERSION = YES;
				CLANG_WARN_OBJC_IMPLICIT_RETAIN_SELF = YES;
				CLANG_WARN_OBJC_LITERAL_CONVERSION = YES;
				CLANG_WARN_OBJC_ROOT_CLASS = YES_ERROR;
				CLANG_WARN_QUOTED_INCLUDE_IN_FRAMEWORK_HEADER = YES;
				CLANG_WARN_RANGE_LOOP_ANALYSIS = YES;
				CLANG_WARN_STRICT_PROTOTYPES = YES;
				CLANG_WARN_SUSPICIOUS_MOVE = YES;
				CLANG_WARN_UNGUARDED_AVAILABILITY = YES_AGGRESSIVE;
				CLANG_WARN_UNREACHABLE_CODE = YES;
				CLANG_WARN__DUPLICATE_METHOD_MATCH = YES;
				COPY_PHASE_STRIP = NO;
				DEBUG_INFORMATION_FORMAT = "dwarf-with-dsym";
				ENABLE_NS_ASSERTIONS = NO;
				ENABLE_STRICT_OBJC_MSGSEND = YES;
				ENABLE_USER_SCRIPT_SANDBOXING = YES;
				GCC_C_LANGUAGE_STANDARD = gnu17;
				GCC_NO_COMMON_BLOCKS = YES;
				GCC_WARN_64_TO_32_BIT_CONVERSION = YES;
				GCC_WARN_ABOUT_RETURN_TYPE = YES_ERROR;
				GCC_WARN_UNDECLARED_SELECTOR = YES;
				GCC_WARN_UNINITIALIZED_AUTOS = YES_AGGRESSIVE;
				GCC_WARN_UNUSED_FUNCTION = YES;
				GCC_WARN_UNUSED_VARIABLE = YES;
				IPHONEOS_DEPLOYMENT_TARGET = 14.0;
				LOCALIZATION_PREFERS_STRING_CATALOGS = YES;
				MTL_ENABLE_DEBUG_INFO = NO;
				MTL_FAST_MATH = YES;
				SDKROOT = iphoneos;
				SWIFT_COMPILATION_MODE = wholemodule;
				VALIDATE_PRODUCT = YES;
			};
			name = Release;
		};
		4A762AF82B99A16D001C1188 /* Debug */ = {
			isa = XCBuildConfiguration;
			buildSettings = {
				ASSETCATALOG_COMPILER_APPICON_NAME = AppIcon;
				ASSETCATALOG_COMPILER_GLOBAL_ACCENT_COLOR_NAME = AccentColor;
				CODE_SIGN_ENTITLEMENTS = "pennyway-client-iOS/pennyway-client-iOS.entitlements";
				CODE_SIGN_STYLE = Automatic;
				CURRENT_PROJECT_VERSION = 1;
				DEVELOPMENT_ASSET_PATHS = "\"pennyway-client-iOS/Preview Content\"";
				ENABLE_PREVIEWS = YES;
				GENERATE_INFOPLIST_FILE = YES;
				INFOPLIST_FILE = "pennyway-client-iOS/Info.plist";
				INFOPLIST_KEY_UIApplicationSceneManifest_Generation = YES;
				INFOPLIST_KEY_UIApplicationSupportsIndirectInputEvents = YES;
				INFOPLIST_KEY_UILaunchScreen_Generation = YES;
				INFOPLIST_KEY_UISupportedInterfaceOrientations_iPad = "UIInterfaceOrientationPortrait UIInterfaceOrientationPortraitUpsideDown UIInterfaceOrientationLandscapeLeft UIInterfaceOrientationLandscapeRight";
				INFOPLIST_KEY_UISupportedInterfaceOrientations_iPhone = "UIInterfaceOrientationPortrait UIInterfaceOrientationLandscapeLeft UIInterfaceOrientationLandscapeRight";
				IPHONEOS_DEPLOYMENT_TARGET = 14.0;
				LD_RUNPATH_SEARCH_PATHS = (
					"$(inherited)",
					"@executable_path/Frameworks",
				);
				MARKETING_VERSION = 1.0;
				PRODUCT_BUNDLE_IDENTIFIER = "com.heejin.pennyway-client-iOS";
				PRODUCT_NAME = "$(TARGET_NAME)";
				SWIFT_EMIT_LOC_STRINGS = YES;
				SWIFT_VERSION = 5.0;
				TARGETED_DEVICE_FAMILY = "1,2";
			};
			name = Debug;
		};
		4A762AF92B99A16D001C1188 /* Release */ = {
			isa = XCBuildConfiguration;
			buildSettings = {
				ASSETCATALOG_COMPILER_APPICON_NAME = AppIcon;
				ASSETCATALOG_COMPILER_GLOBAL_ACCENT_COLOR_NAME = AccentColor;
				CODE_SIGN_ENTITLEMENTS = "pennyway-client-iOS/pennyway-client-iOS.entitlements";
				CODE_SIGN_STYLE = Automatic;
				CURRENT_PROJECT_VERSION = 1;
				DEVELOPMENT_ASSET_PATHS = "\"pennyway-client-iOS/Preview Content\"";
				ENABLE_PREVIEWS = YES;
				GENERATE_INFOPLIST_FILE = YES;
				INFOPLIST_FILE = "pennyway-client-iOS/Info.plist";
				INFOPLIST_KEY_UIApplicationSceneManifest_Generation = YES;
				INFOPLIST_KEY_UIApplicationSupportsIndirectInputEvents = YES;
				INFOPLIST_KEY_UILaunchScreen_Generation = YES;
				INFOPLIST_KEY_UISupportedInterfaceOrientations_iPad = "UIInterfaceOrientationPortrait UIInterfaceOrientationPortraitUpsideDown UIInterfaceOrientationLandscapeLeft UIInterfaceOrientationLandscapeRight";
				INFOPLIST_KEY_UISupportedInterfaceOrientations_iPhone = "UIInterfaceOrientationPortrait UIInterfaceOrientationLandscapeLeft UIInterfaceOrientationLandscapeRight";
				IPHONEOS_DEPLOYMENT_TARGET = 14.0;
				LD_RUNPATH_SEARCH_PATHS = (
					"$(inherited)",
					"@executable_path/Frameworks",
				);
				MARKETING_VERSION = 1.0;
				PRODUCT_BUNDLE_IDENTIFIER = "com.heejin.pennyway-client-iOS";
				PRODUCT_NAME = "$(TARGET_NAME)";
				SWIFT_EMIT_LOC_STRINGS = YES;
				SWIFT_VERSION = 5.0;
				TARGETED_DEVICE_FAMILY = "1,2";
			};
			name = Release;
		};
/* End XCBuildConfiguration section */

/* Begin XCConfigurationList section */
		4A762AE42B99A16B001C1188 /* Build configuration list for PBXProject "pennyway-client-iOS" */ = {
			isa = XCConfigurationList;
			buildConfigurations = (
				4A762AF52B99A16D001C1188 /* Debug */,
				4A762AF62B99A16D001C1188 /* Release */,
			);
			defaultConfigurationIsVisible = 0;
			defaultConfigurationName = Release;
		};
		4A762AF72B99A16D001C1188 /* Build configuration list for PBXNativeTarget "pennyway-client-iOS" */ = {
			isa = XCConfigurationList;
			buildConfigurations = (
				4A762AF82B99A16D001C1188 /* Debug */,
				4A762AF92B99A16D001C1188 /* Release */,
			);
			defaultConfigurationIsVisible = 0;
			defaultConfigurationName = Release;
		};
/* End XCConfigurationList section */
	};
	rootObject = 4A762AE12B99A16B001C1188 /* Project object */;
}
