PODS:
  - Alamofire (5.9.1)
  - AppAuth (1.7.5):
    - AppAuth/Core (= 1.7.5)
    - AppAuth/ExternalUserAgent (= 1.7.5)
  - AppAuth/Core (1.7.5)
  - AppAuth/ExternalUserAgent (1.7.5):
    - AppAuth/Core
  - Firebase/Analytics (11.0.0):
    - Firebase/Core
  - Firebase/Core (11.0.0):
    - Firebase/CoreOnly
    - FirebaseAnalytics (~> 11.0.0)
  - Firebase/CoreOnly (11.0.0):
    - FirebaseCore (= 11.0.0)
  - Firebase/Messaging (11.0.0):
    - Firebase/CoreOnly
    - FirebaseMessaging (~> 11.0.0)
  - FirebaseAnalytics (11.0.0):
    - FirebaseAnalytics/AdIdSupport (= 11.0.0)
    - FirebaseCore (~> 11.0)
    - FirebaseInstallations (~> 11.0)
    - GoogleUtilities/AppDelegateSwizzler (~> 8.0)
    - GoogleUtilities/MethodSwizzler (~> 8.0)
    - GoogleUtilities/Network (~> 8.0)
    - "GoogleUtilities/NSData+zlib (~> 8.0)"
    - nanopb (~> 3.30910.0)
  - FirebaseAnalytics/AdIdSupport (11.0.0):
    - FirebaseCore (~> 11.0)
    - FirebaseInstallations (~> 11.0)
    - GoogleAppMeasurement (= 11.0.0)
    - GoogleUtilities/AppDelegateSwizzler (~> 8.0)
    - GoogleUtilities/MethodSwizzler (~> 8.0)
    - GoogleUtilities/Network (~> 8.0)
    - "GoogleUtilities/NSData+zlib (~> 8.0)"
    - nanopb (~> 3.30910.0)
  - FirebaseCore (11.0.0):
    - FirebaseCoreInternal (~> 11.0)
    - GoogleUtilities/Environment (~> 8.0)
    - GoogleUtilities/Logger (~> 8.0)
  - FirebaseCoreInternal (11.0.0):
    - "GoogleUtilities/NSData+zlib (~> 8.0)"
  - FirebaseInstallations (11.0.0):
    - FirebaseCore (~> 11.0)
    - GoogleUtilities/Environment (~> 8.0)
    - GoogleUtilities/UserDefaults (~> 8.0)
    - PromisesObjC (~> 2.4)
  - FirebaseMessaging (11.0.0):
    - FirebaseCore (~> 11.0)
    - FirebaseInstallations (~> 11.0)
    - GoogleDataTransport (~> 10.0)
    - GoogleUtilities/AppDelegateSwizzler (~> 8.0)
    - GoogleUtilities/Environment (~> 8.0)
    - GoogleUtilities/Reachability (~> 8.0)
    - GoogleUtilities/UserDefaults (~> 8.0)
    - nanopb (~> 3.30910.0)
  - GoogleAppMeasurement (11.0.0):
    - GoogleAppMeasurement/AdIdSupport (= 11.0.0)
    - GoogleUtilities/AppDelegateSwizzler (~> 8.0)
    - GoogleUtilities/MethodSwizzler (~> 8.0)
    - GoogleUtilities/Network (~> 8.0)
    - "GoogleUtilities/NSData+zlib (~> 8.0)"
    - nanopb (~> 3.30910.0)
  - GoogleAppMeasurement/AdIdSupport (11.0.0):
    - GoogleAppMeasurement/WithoutAdIdSupport (= 11.0.0)
    - GoogleUtilities/AppDelegateSwizzler (~> 8.0)
    - GoogleUtilities/MethodSwizzler (~> 8.0)
    - GoogleUtilities/Network (~> 8.0)
    - "GoogleUtilities/NSData+zlib (~> 8.0)"
    - nanopb (~> 3.30910.0)
  - GoogleAppMeasurement/WithoutAdIdSupport (11.0.0):
    - GoogleUtilities/AppDelegateSwizzler (~> 8.0)
    - GoogleUtilities/MethodSwizzler (~> 8.0)
    - GoogleUtilities/Network (~> 8.0)
    - "GoogleUtilities/NSData+zlib (~> 8.0)"
    - nanopb (~> 3.30910.0)
  - GoogleDataTransport (10.1.0):
    - nanopb (~> 3.30910.0)
    - PromisesObjC (~> 2.4)
  - GoogleSignIn (7.1.0):
    - AppAuth (< 2.0, >= 1.7.3)
    - GTMAppAuth (< 5.0, >= 4.1.1)
    - GTMSessionFetcher/Core (~> 3.3)
  - GoogleUtilities/AppDelegateSwizzler (8.0.1):
    - GoogleUtilities/Environment
    - GoogleUtilities/Logger
    - GoogleUtilities/Network
    - GoogleUtilities/Privacy
  - GoogleUtilities/Environment (8.0.1):
    - GoogleUtilities/Privacy
  - GoogleUtilities/Logger (8.0.1):
    - GoogleUtilities/Environment
    - GoogleUtilities/Privacy
  - GoogleUtilities/MethodSwizzler (8.0.1):
    - GoogleUtilities/Logger
    - GoogleUtilities/Privacy
  - GoogleUtilities/Network (8.0.1):
    - GoogleUtilities/Logger
    - "GoogleUtilities/NSData+zlib"
    - GoogleUtilities/Privacy
    - GoogleUtilities/Reachability
  - "GoogleUtilities/NSData+zlib (8.0.1)":
    - GoogleUtilities/Privacy
  - GoogleUtilities/Privacy (8.0.1)
  - GoogleUtilities/Reachability (8.0.1):
    - GoogleUtilities/Logger
    - GoogleUtilities/Privacy
  - GoogleUtilities/UserDefaults (8.0.1):
    - GoogleUtilities/Logger
    - GoogleUtilities/Privacy
  - GTMAppAuth (4.1.1):
    - AppAuth/Core (~> 1.7)
    - GTMSessionFetcher/Core (< 4.0, >= 3.3)
  - GTMSessionFetcher/Core (3.5.0)
  - KakaoSDKAuth (2.22.5):
    - KakaoSDKCommon (= 2.22.5)
  - KakaoSDKCommon (2.22.5):
    - KakaoSDKCommon/Common (= 2.22.5)
    - KakaoSDKCommon/Network (= 2.22.5)
  - KakaoSDKCommon/Common (2.22.5)
  - KakaoSDKCommon/Network (2.22.5):
    - Alamofire (~> 5.9.0)
    - KakaoSDKCommon/Common (= 2.22.5)
  - KakaoSDKUser (2.22.5):
    - KakaoSDKAuth (= 2.22.5)
  - nanopb (3.30910.0):
    - nanopb/decode (= 3.30910.0)
    - nanopb/encode (= 3.30910.0)
  - nanopb/decode (3.30910.0)
  - nanopb/encode (3.30910.0)
  - PromisesObjC (2.4.0)
  - SocketRocket (0.7.1)
  - StompClientLib (1.4.1):
    - SocketRocket
  - SwiftFormat/CLI (0.54.3)

DEPENDENCIES:
  - Alamofire
  - Firebase/Analytics
  - Firebase/Messaging
  - GoogleSignIn
  - KakaoSDKAuth
  - KakaoSDKCommon
  - KakaoSDKUser
  - StompClientLib
  - SwiftFormat/CLI

SPEC REPOS:
  trunk:
    - Alamofire
    - AppAuth
    - Firebase
    - FirebaseAnalytics
    - FirebaseCore
    - FirebaseCoreInternal
    - FirebaseInstallations
    - FirebaseMessaging
    - GoogleAppMeasurement
    - GoogleDataTransport
    - GoogleSignIn
    - GoogleUtilities
    - GTMAppAuth
    - GTMSessionFetcher
    - KakaoSDKAuth
    - KakaoSDKCommon
    - KakaoSDKUser
    - nanopb
    - PromisesObjC
    - SocketRocket
    - StompClientLib
    - SwiftFormat

SPEC CHECKSUMS:
  Alamofire: f36a35757af4587d8e4f4bfa223ad10be2422b8c
  AppAuth: 501c04eda8a8d11f179dbe8637b7a91bb7e5d2fa
  Firebase: 9f574c08c2396885b5e7e100ed4293d956218af9
  FirebaseAnalytics: 27eb78b97880ea4a004839b9bac0b58880f5a92a
  FirebaseCore: 3cf438f431f18c12cdf2aaf64434648b63f7e383
  FirebaseCoreInternal: cac45dbc4824e152fe93cdd5dd46bd503c3fdffb
  FirebaseInstallations: 833536e8ff1dfadd4b5f80e8dfef69e8edbd071d
  FirebaseMessaging: d2d1d9c62c46dd2db49a952f7deb5b16ad2c9742
  GoogleAppMeasurement: 6e49ffac7d3f2c3ded9cc663f912a13b67bbd0de
  GoogleDataTransport: aae35b7ea0c09004c3797d53c8c41f66f219d6a7
  GoogleSignIn: d4281ab6cf21542b1cfaff85c191f230b399d2db
  GoogleUtilities: 52f677b52b0d2bed24e7b9c94455b1f7353a09f8
  GTMAppAuth: f69bd07d68cd3b766125f7e072c45d7340dea0de
  GTMSessionFetcher: 5aea5ba6bd522a239e236100971f10cb71b96ab6
  KakaoSDKAuth: 857224e06f78412cdf41a9e601a41d00b2d592ee
  KakaoSDKCommon: 05078c15d1faa7e97728e26c518a992b5cffe93c
  KakaoSDKUser: b37905ae618cfc3f0310dbbb5236320d7335bcd2
  nanopb: fad817b59e0457d11a5dfbde799381cd727c1275
  PromisesObjC: f5707f49cb48b9636751c5b2e7d227e43fba9f47
  SocketRocket: d4aabe649be1e368d1318fdf28a022d714d65748
  StompClientLib: ac40390e9660c574675f1c933bec81c8e2811a4f
  SwiftFormat: 0e575b1d412d27cd5906c59fab64a806ba8f2b8e

PODFILE CHECKSUM: dbacbf475f2b80cf716f02da7827d156cb3061de

COCOAPODS: 1.15.2
