PODS:
  - Alamofire (5.9.1)
  - SwiftFormat/CLI (0.53.5)

DEPENDENCIES:
  - Alamofire
  - SwiftFormat/CLI

SPEC REPOS:
  trunk:
    - Alamofire
    - SwiftFormat

SPEC CHECKSUMS:
  Alamofire: f36a35757af4587d8e4f4bfa223ad10be2422b8c
  SwiftFormat: 57d49d9a63f4249c625b1e623fb9fde0c30cae9d

PODFILE CHECKSUM: b16b6a7449cc179035a04f28fc7c857b63a4166a

COCOAPODS: 1.15.2
