PODS:
  - Alamofire (5.9.1)
  - KakaoSDKAuth (2.22.0):
    - KakaoSDKCommon (= 2.22.0)
  - KakaoSDKCommon (2.22.0):
    - KakaoSDKCommon/Common (= 2.22.0)
    - KakaoSDKCommon/Network (= 2.22.0)
  - KakaoSDKCommon/Common (2.22.0)
  - KakaoSDKCommon/Network (2.22.0):
    - Alamofire (~> 5.9.0)
    - KakaoSDKCommon/Common (= 2.22.0)
  - KakaoSDKUser (2.22.0):
    - KakaoSDKAuth (= 2.22.0)
  - SwiftFormat/CLI (0.53.5)

DEPENDENCIES:
  - Alamofire
  - KakaoSDKAuth
  - KakaoSDKCommon
  - KakaoSDKUser
  - SwiftFormat/CLI

SPEC REPOS:
  trunk:
    - Alamofire
    - KakaoSDKAuth
    - KakaoSDKCommon
    - KakaoSDKUser
    - SwiftFormat

SPEC CHECKSUMS:
  Alamofire: f36a35757af4587d8e4f4bfa223ad10be2422b8c
  KakaoSDKAuth: 569b377eda622d93d4575240b8031cd658163eef
  KakaoSDKCommon: d57127c339fc79e73aa8b236a4c77211c29924f1
  KakaoSDKUser: 043bcd7e91454ebf3bf64f150c430e6f65f0a08d
  SwiftFormat: 57d49d9a63f4249c625b1e623fb9fde0c30cae9d

PODFILE CHECKSUM: 7668ad6a116f812e56aff80af87e128de266ba3e

COCOAPODS: 1.15.2
